// !$*UTF8*$!
{
	archiveVersion = 1;
	classes = {
	};
	objectVersion = 46;
	objects = {

/* Begin PBXBuildFile section */
		5238A5B51F3B0AC6009913A7 /* LSTableViewCell.swift in Sources */ = {isa = PBXBuildFile; fileRef = 5238A5B31F3B0AC6009913A7 /* LSTableViewCell.swift */; };
		5238A5B61F3B0AC6009913A7 /* LSTableViewCell.xib in Resources */ = {isa = PBXBuildFile; fileRef = 5238A5B41F3B0AC6009913A7 /* LSTableViewCell.xib */; };
		5238A5DD1F3B14DF009913A7 /* LSDocument.plist in Resources */ = {isa = PBXBuildFile; fileRef = 5238A5D51F3B14C4009913A7 /* LSDocument.plist */; };
		5238A5DE1F3B1510009913A7 /* LSDocument.storyboard in Resources */ = {isa = PBXBuildFile; fileRef = 5238A5D61F3B14C4009913A7 /* LSDocument.storyboard */; };
		5238A5DF1F3B1517009913A7 /* LSSetting.plist in Resources */ = {isa = PBXBuildFile; fileRef = 5238A5D81F3B14C4009913A7 /* LSSetting.plist */; };
		5238A5E01F3B1517009913A7 /* LSSetting.storyboard in Resources */ = {isa = PBXBuildFile; fileRef = 5238A5D91F3B14C4009913A7 /* LSSetting.storyboard */; };
		5238A5E11F3B151C009913A7 /* LSSuprise.plist in Resources */ = {isa = PBXBuildFile; fileRef = 5238A5DB1F3B14C4009913A7 /* LSSuprise.plist */; };
		5238A5E21F3B151C009913A7 /* LSSuprise.storyboard in Resources */ = {isa = PBXBuildFile; fileRef = 5238A5DC1F3B14C4009913A7 /* LSSuprise.storyboard */; };
		5238A5E31F3B1521009913A7 /* LSDemo.plist in Resources */ = {isa = PBXBuildFile; fileRef = 5238A5D11F3B14C4009913A7 /* LSDemo.plist */; };
		5238A5E41F3B1521009913A7 /* LSDemo.storyboard in Resources */ = {isa = PBXBuildFile; fileRef = 5238A5D21F3B14C4009913A7 /* LSDemo.storyboard */; };
		527D4F741F3DBA58005C3285 /* LSBook.swift in Sources */ = {isa = PBXBuildFile; fileRef = 527D4F731F3DBA58005C3285 /* LSBook.swift */; };
		52C6246E1F3C746800CD7045 /* LSCodableViewController.swift in Sources */ = {isa = PBXBuildFile; fileRef = 52C6246D1F3C746800CD7045 /* LSCodableViewController.swift */; };
		52C624701F3C757500CD7045 /* LSViewController.swift in Sources */ = {isa = PBXBuildFile; fileRef = 52C6246F1F3C757500CD7045 /* LSViewController.swift */; };
		52ECB4D01F14EEF400E2E268 /* UIColor+LHHelper.swift in Sources */ = {isa = PBXBuildFile; fileRef = 52ECB4CF1F14EEC200E2E268 /* UIColor+LHHelper.swift */; };
		52ECB4D11F14EEF700E2E268 /* UIView+LHAutoLayout.swift in Sources */ = {isa = PBXBuildFile; fileRef = 52ECB4CE1F14EEC200E2E268 /* UIView+LHAutoLayout.swift */; };
		52ECB4D21F14EEFF00E2E268 /* LSAccumulate.swift in Sources */ = {isa = PBXBuildFile; fileRef = 52ECB4BA1F14EE3D00E2E268 /* LSAccumulate.swift */; };
		52ECB4D31F14EEFF00E2E268 /* LSAccumulateManager.swift in Sources */ = {isa = PBXBuildFile; fileRef = 52ECB4BB1F14EE3D00E2E268 /* LSAccumulateManager.swift */; };
		52ECB4D41F14EF0200E2E268 /* LSUtils.swift in Sources */ = {isa = PBXBuildFile; fileRef = 52ECB4BD1F14EE3D00E2E268 /* LSUtils.swift */; };
		52ECB4D61F14EF0C00E2E268 /* LSButton.swift in Sources */ = {isa = PBXBuildFile; fileRef = 52ECB4C21F14EE3D00E2E268 /* LSButton.swift */; };
		52ECB4D71F14EF0C00E2E268 /* LSLightBorderButton.swift in Sources */ = {isa = PBXBuildFile; fileRef = 52ECB4C31F14EE3D00E2E268 /* LSLightBorderButton.swift */; };
		52ECB4D81F14EF0C00E2E268 /* LSSectionHeaderView.swift in Sources */ = {isa = PBXBuildFile; fileRef = 52ECB4C41F14EE3D00E2E268 /* LSSectionHeaderView.swift */; };
		52ECB4D91F14EF0C00E2E268 /* LSSectionHeaderView.xib in Resources */ = {isa = PBXBuildFile; fileRef = 52ECB4C51F14EE3D00E2E268 /* LSSectionHeaderView.xib */; };
		52ECB4DB1F14EF1300E2E268 /* LSBasicViewController.swift in Sources */ = {isa = PBXBuildFile; fileRef = 52ECB4C81F14EE3D00E2E268 /* LSBasicViewController.swift */; };
		52ECB4DC1F14EF1300E2E268 /* LSDetailTableViewController.swift in Sources */ = {isa = PBXBuildFile; fileRef = 52ECB4C91F14EE3D00E2E268 /* LSDetailTableViewController.swift */; };
		52ECB4DD1F14EF1300E2E268 /* LSTableViewController.swift in Sources */ = {isa = PBXBuildFile; fileRef = 52ECB4CA1F14EE3D00E2E268 /* LSTableViewController.swift */; };
		9C2311091E62B0C500629270 /* LSHomeViewController.swift in Sources */ = {isa = PBXBuildFile; fileRef = 9C2311081E62B0C500629270 /* LSHomeViewController.swift */; };
		9C23110E1E62C4E400629270 /* LSFlyingView.swift in Sources */ = {isa = PBXBuildFile; fileRef = 9C23110D1E62C4E400629270 /* LSFlyingView.swift */; };
		9C3734121C3E455D009391CD /* AppDelegate.swift in Sources */ = {isa = PBXBuildFile; fileRef = 9C3734111C3E455D009391CD /* AppDelegate.swift */; };
		9C3734191C3E455D009391CD /* Main.storyboard in Resources */ = {isa = PBXBuildFile; fileRef = 9C3734171C3E455D009391CD /* Main.storyboard */; };
		9C37341B1C3E455D009391CD /* Assets.xcassets in Resources */ = {isa = PBXBuildFile; fileRef = 9C37341A1C3E455D009391CD /* Assets.xcassets */; };
		9C37341E1C3E455D009391CD /* LaunchScreen.storyboard in Resources */ = {isa = PBXBuildFile; fileRef = 9C37341C1C3E455D009391CD /* LaunchScreen.storyboard */; };
/* End PBXBuildFile section */

/* Begin PBXFileReference section */
		5238A5B31F3B0AC6009913A7 /* LSTableViewCell.swift */ = {isa = PBXFileReference; lastKnownFileType = sourcecode.swift; path = LSTableViewCell.swift; sourceTree = "<group>"; };
		5238A5B41F3B0AC6009913A7 /* LSTableViewCell.xib */ = {isa = PBXFileReference; lastKnownFileType = file.xib; path = LSTableViewCell.xib; sourceTree = "<group>"; };
		5238A5D11F3B14C4009913A7 /* LSDemo.plist */ = {isa = PBXFileReference; lastKnownFileType = text.plist.xml; path = LSDemo.plist; sourceTree = "<group>"; };
		5238A5D21F3B14C4009913A7 /* LSDemo.storyboard */ = {isa = PBXFileReference; lastKnownFileType = file.storyboard; path = LSDemo.storyboard; sourceTree = "<group>"; };
		5238A5D51F3B14C4009913A7 /* LSDocument.plist */ = {isa = PBXFileReference; lastKnownFileType = text.plist.xml; path = LSDocument.plist; sourceTree = "<group>"; };
		5238A5D61F3B14C4009913A7 /* LSDocument.storyboard */ = {isa = PBXFileReference; lastKnownFileType = file.storyboard; path = LSDocument.storyboard; sourceTree = "<group>"; };
		5238A5D81F3B14C4009913A7 /* LSSetting.plist */ = {isa = PBXFileReference; lastKnownFileType = text.plist.xml; path = LSSetting.plist; sourceTree = "<group>"; };
		5238A5D91F3B14C4009913A7 /* LSSetting.storyboard */ = {isa = PBXFileReference; lastKnownFileType = file.storyboard; path = LSSetting.storyboard; sourceTree = "<group>"; };
		5238A5DB1F3B14C4009913A7 /* LSSuprise.plist */ = {isa = PBXFileReference; lastKnownFileType = text.plist.xml; path = LSSuprise.plist; sourceTree = "<group>"; };
		5238A5DC1F3B14C4009913A7 /* LSSuprise.storyboard */ = {isa = PBXFileReference; lastKnownFileType = file.storyboard; path = LSSuprise.storyboard; sourceTree = "<group>"; };
		527D4F731F3DBA58005C3285 /* LSBook.swift */ = {isa = PBXFileReference; lastKnownFileType = sourcecode.swift; path = LSBook.swift; sourceTree = "<group>"; };
		52C6246D1F3C746800CD7045 /* LSCodableViewController.swift */ = {isa = PBXFileReference; lastKnownFileType = sourcecode.swift; path = LSCodableViewController.swift; sourceTree = "<group>"; };
		52C6246F1F3C757500CD7045 /* LSViewController.swift */ = {isa = PBXFileReference; lastKnownFileType = sourcecode.swift; path = LSViewController.swift; sourceTree = "<group>"; };
		52ECB4BA1F14EE3D00E2E268 /* LSAccumulate.swift */ = {isa = PBXFileReference; lastKnownFileType = sourcecode.swift; path = LSAccumulate.swift; sourceTree = "<group>"; };
		52ECB4BB1F14EE3D00E2E268 /* LSAccumulateManager.swift */ = {isa = PBXFileReference; lastKnownFileType = sourcecode.swift; path = LSAccumulateManager.swift; sourceTree = "<group>"; };
		52ECB4BD1F14EE3D00E2E268 /* LSUtils.swift */ = {isa = PBXFileReference; lastKnownFileType = sourcecode.swift; path = LSUtils.swift; sourceTree = "<group>"; };
		52ECB4BF1F14EE3D00E2E268 /* LSSwiftBasicLearning.playground */ = {isa = PBXFileReference; lastKnownFileType = file.playground; path = LSSwiftBasicLearning.playground; sourceTree = "<group>"; xcLanguageSpecificationIdentifier = xcode.lang.swift; };
		52ECB4C21F14EE3D00E2E268 /* LSButton.swift */ = {isa = PBXFileReference; lastKnownFileType = sourcecode.swift; path = LSButton.swift; sourceTree = "<group>"; };
		52ECB4C31F14EE3D00E2E268 /* LSLightBorderButton.swift */ = {isa = PBXFileReference; lastKnownFileType = sourcecode.swift; path = LSLightBorderButton.swift; sourceTree = "<group>"; };
		52ECB4C41F14EE3D00E2E268 /* LSSectionHeaderView.swift */ = {isa = PBXFileReference; lastKnownFileType = sourcecode.swift; path = LSSectionHeaderView.swift; sourceTree = "<group>"; };
		52ECB4C51F14EE3D00E2E268 /* LSSectionHeaderView.xib */ = {isa = PBXFileReference; lastKnownFileType = file.xib; path = LSSectionHeaderView.xib; sourceTree = "<group>"; };
		52ECB4C81F14EE3D00E2E268 /* LSBasicViewController.swift */ = {isa = PBXFileReference; lastKnownFileType = sourcecode.swift; path = LSBasicViewController.swift; sourceTree = "<group>"; };
		52ECB4C91F14EE3D00E2E268 /* LSDetailTableViewController.swift */ = {isa = PBXFileReference; lastKnownFileType = sourcecode.swift; path = LSDetailTableViewController.swift; sourceTree = "<group>"; };
		52ECB4CA1F14EE3D00E2E268 /* LSTableViewController.swift */ = {isa = PBXFileReference; lastKnownFileType = sourcecode.swift; path = LSTableViewController.swift; sourceTree = "<group>"; };
		52ECB4CE1F14EEC200E2E268 /* UIView+LHAutoLayout.swift */ = {isa = PBXFileReference; lastKnownFileType = sourcecode.swift; path = "UIView+LHAutoLayout.swift"; sourceTree = "<group>"; };
		52ECB4CF1F14EEC200E2E268 /* UIColor+LHHelper.swift */ = {isa = PBXFileReference; lastKnownFileType = sourcecode.swift; path = "UIColor+LHHelper.swift"; sourceTree = "<group>"; };
		9C2311081E62B0C500629270 /* LSHomeViewController.swift */ = {isa = PBXFileReference; fileEncoding = 4; lastKnownFileType = sourcecode.swift; name = LSHomeViewController.swift; path = LSHome/LSHomeViewController.swift; sourceTree = "<group>"; };
		9C23110D1E62C4E400629270 /* LSFlyingView.swift */ = {isa = PBXFileReference; fileEncoding = 4; lastKnownFileType = sourcecode.swift; name = LSFlyingView.swift; path = LSHome/view/LSFlyingView.swift; sourceTree = "<group>"; };
		9C37340E1C3E455D009391CD /* LHiOSAccumulatesInSwift.app */ = {isa = PBXFileReference; explicitFileType = wrapper.application; includeInIndex = 0; path = LHiOSAccumulatesInSwift.app; sourceTree = BUILT_PRODUCTS_DIR; };
		9C3734111C3E455D009391CD /* AppDelegate.swift */ = {isa = PBXFileReference; lastKnownFileType = sourcecode.swift; path = AppDelegate.swift; sourceTree = "<group>"; };
		9C3734181C3E455D009391CD /* Base */ = {isa = PBXFileReference; lastKnownFileType = file.storyboard; name = Base; path = Base.lproj/Main.storyboard; sourceTree = "<group>"; };
		9C37341A1C3E455D009391CD /* Assets.xcassets */ = {isa = PBXFileReference; lastKnownFileType = folder.assetcatalog; path = Assets.xcassets; sourceTree = "<group>"; };
		9C37341D1C3E455D009391CD /* Base */ = {isa = PBXFileReference; lastKnownFileType = file.storyboard; name = Base; path = Base.lproj/LaunchScreen.storyboard; sourceTree = "<group>"; };
		9C37341F1C3E455D009391CD /* Info.plist */ = {isa = PBXFileReference; lastKnownFileType = text.plist.xml; path = Info.plist; sourceTree = "<group>"; };
		9C3734281C3E455D009391CD /* LHiOSAccumulatesInSwiftTests.swift */ = {isa = PBXFileReference; lastKnownFileType = sourcecode.swift; path = LHiOSAccumulatesInSwiftTests.swift; sourceTree = "<group>"; };
		9C37342A1C3E455D009391CD /* Info.plist */ = {isa = PBXFileReference; lastKnownFileType = text.plist.xml; path = Info.plist; sourceTree = "<group>"; };
		9C3734331C3E455D009391CD /* LHiOSAccumulatesInSwiftUITests.swift */ = {isa = PBXFileReference; lastKnownFileType = sourcecode.swift; path = LHiOSAccumulatesInSwiftUITests.swift; sourceTree = "<group>"; };
		9C3734351C3E455D009391CD /* Info.plist */ = {isa = PBXFileReference; lastKnownFileType = text.plist.xml; path = Info.plist; sourceTree = "<group>"; };
/* End PBXFileReference section */

/* Begin PBXFrameworksBuildPhase section */
		9C37340B1C3E455D009391CD /* Frameworks */ = {
			isa = PBXFrameworksBuildPhase;
			buildActionMask = 2147483647;
			files = (
			);
			runOnlyForDeploymentPostprocessing = 0;
		};
/* End PBXFrameworksBuildPhase section */

/* Begin PBXGroup section */
		5238A5CF1F3B1498009913A7 /* LCTabs */ = {
			isa = PBXGroup;
			children = (
				5238A5D41F3B14C4009913A7 /* LSDocument */,
				5238A5D71F3B14C4009913A7 /* LSSetting */,
				5238A5DA1F3B14C4009913A7 /* LSSuprise */,
				5238A5D01F3B14C4009913A7 /* LSDemo */,
			);
			path = LCTabs;
			sourceTree = "<group>";
		};
		5238A5D01F3B14C4009913A7 /* LSDemo */ = {
			isa = PBXGroup;
			children = (
				5238A5D11F3B14C4009913A7 /* LSDemo.plist */,
				5238A5D21F3B14C4009913A7 /* LSDemo.storyboard */,
				52C6246D1F3C746800CD7045 /* LSCodableViewController.swift */,
				527D4F731F3DBA58005C3285 /* LSBook.swift */,
			);
			path = LSDemo;
			sourceTree = "<group>";
		};
		5238A5D41F3B14C4009913A7 /* LSDocument */ = {
			isa = PBXGroup;
			children = (
				5238A5D51F3B14C4009913A7 /* LSDocument.plist */,
				5238A5D61F3B14C4009913A7 /* LSDocument.storyboard */,
			);
			path = LSDocument;
			sourceTree = "<group>";
		};
		5238A5D71F3B14C4009913A7 /* LSSetting */ = {
			isa = PBXGroup;
			children = (
				5238A5D81F3B14C4009913A7 /* LSSetting.plist */,
				5238A5D91F3B14C4009913A7 /* LSSetting.storyboard */,
			);
			path = LSSetting;
			sourceTree = "<group>";
		};
		5238A5DA1F3B14C4009913A7 /* LSSuprise */ = {
			isa = PBXGroup;
			children = (
				5238A5DB1F3B14C4009913A7 /* LSSuprise.plist */,
				5238A5DC1F3B14C4009913A7 /* LSSuprise.storyboard */,
			);
			path = LSSuprise;
			sourceTree = "<group>";
		};
		527E90681F3AA7DC000070FD /* LHUtils */ = {
			isa = PBXGroup;
			children = (
				527E90691F3AAA72000070FD /* LHExtensions */,
			);
			path = LHUtils;
			sourceTree = "<group>";
		};
		527E90691F3AAA72000070FD /* LHExtensions */ = {
			isa = PBXGroup;
			children = (
				52ECB4CF1F14EEC200E2E268 /* UIColor+LHHelper.swift */,
				52ECB4CE1F14EEC200E2E268 /* UIView+LHAutoLayout.swift */,
			);
			path = LHExtensions;
			sourceTree = "<group>";
		};
		52ECB4B81F14EE3D00E2E268 /* LSGenreal */ = {
			isa = PBXGroup;
			children = (
				527E90681F3AA7DC000070FD /* LHUtils */,
				52ECB4CD1F14EE9000E2E268 /* LSExtensions */,
				52ECB4B91F14EE3D00E2E268 /* LSData */,
				52ECB4BC1F14EE3D00E2E268 /* LSHelper */,
				52ECB4BF1F14EE3D00E2E268 /* LSSwiftBasicLearning.playground */,
				52ECB4C01F14EE3D00E2E268 /* LSView */,
				52ECB4C71F14EE3D00E2E268 /* LSViewController */,
			);
			path = LSGenreal;
			sourceTree = "<group>";
		};
		52ECB4B91F14EE3D00E2E268 /* LSData */ = {
			isa = PBXGroup;
			children = (
				52ECB4BA1F14EE3D00E2E268 /* LSAccumulate.swift */,
				52ECB4BB1F14EE3D00E2E268 /* LSAccumulateManager.swift */,
			);
			path = LSData;
			sourceTree = "<group>";
		};
		52ECB4BC1F14EE3D00E2E268 /* LSHelper */ = {
			isa = PBXGroup;
			children = (
				52ECB4BD1F14EE3D00E2E268 /* LSUtils.swift */,
			);
			path = LSHelper;
			sourceTree = "<group>";
		};
		52ECB4C01F14EE3D00E2E268 /* LSView */ = {
			isa = PBXGroup;
			children = (
				52ECB4C21F14EE3D00E2E268 /* LSButton.swift */,
				52ECB4C31F14EE3D00E2E268 /* LSLightBorderButton.swift */,
				52ECB4C41F14EE3D00E2E268 /* LSSectionHeaderView.swift */,
				52ECB4C51F14EE3D00E2E268 /* LSSectionHeaderView.xib */,
				5238A5B31F3B0AC6009913A7 /* LSTableViewCell.swift */,
				5238A5B41F3B0AC6009913A7 /* LSTableViewCell.xib */,
			);
			path = LSView;
			sourceTree = "<group>";
		};
		52ECB4C71F14EE3D00E2E268 /* LSViewController */ = {
			isa = PBXGroup;
			children = (
				52ECB4C81F14EE3D00E2E268 /* LSBasicViewController.swift */,
				52ECB4C91F14EE3D00E2E268 /* LSDetailTableViewController.swift */,
				52ECB4CA1F14EE3D00E2E268 /* LSTableViewController.swift */,
				52C6246F1F3C757500CD7045 /* LSViewController.swift */,
			);
			path = LSViewController;
			sourceTree = "<group>";
		};
		52ECB4CD1F14EE9000E2E268 /* LSExtensions */ = {
			isa = PBXGroup;
			children = (
			);
			path = LSExtensions;
			sourceTree = "<group>";
		};
		9C0C23981C54672100185C45 /* LSHome */ = {
			isa = PBXGroup;
			children = (
				9C23110C1E62C4C700629270 /* view */,
				9C2311081E62B0C500629270 /* LSHomeViewController.swift */,
			);
			name = LSHome;
			sourceTree = "<group>";
		};
		9C23110C1E62C4C700629270 /* view */ = {
			isa = PBXGroup;
			children = (
				9C23110D1E62C4E400629270 /* LSFlyingView.swift */,
			);
			name = view;
			sourceTree = "<group>";
		};
		9C3734051C3E455D009391CD = {
			isa = PBXGroup;
			children = (
				9C3734101C3E455D009391CD /* LHiOSAccumulatesInSwift */,
				9C3734271C3E455D009391CD /* LHiOSAccumulatesInSwiftTests */,
				9C3734321C3E455D009391CD /* LHiOSAccumulatesInSwiftUITests */,
				9C37340F1C3E455D009391CD /* Products */,
			);
			sourceTree = "<group>";
		};
		9C37340F1C3E455D009391CD /* Products */ = {
			isa = PBXGroup;
			children = (
				9C37340E1C3E455D009391CD /* LHiOSAccumulatesInSwift.app */,
			);
			name = Products;
			sourceTree = "<group>";
		};
		9C3734101C3E455D009391CD /* LHiOSAccumulatesInSwift */ = {
			isa = PBXGroup;
			children = (
				5238A5CF1F3B1498009913A7 /* LCTabs */,
				52ECB4B81F14EE3D00E2E268 /* LSGenreal */,
				9C0C23981C54672100185C45 /* LSHome */,
				9C3734111C3E455D009391CD /* AppDelegate.swift */,
				9C3734171C3E455D009391CD /* Main.storyboard */,
				9C37341A1C3E455D009391CD /* Assets.xcassets */,
				9C37341C1C3E455D009391CD /* LaunchScreen.storyboard */,
				9C37341F1C3E455D009391CD /* Info.plist */,
			);
			path = LHiOSAccumulatesInSwift;
			sourceTree = "<group>";
		};
		9C3734271C3E455D009391CD /* LHiOSAccumulatesInSwiftTests */ = {
			isa = PBXGroup;
			children = (
				9C3734281C3E455D009391CD /* LHiOSAccumulatesInSwiftTests.swift */,
				9C37342A1C3E455D009391CD /* Info.plist */,
			);
			path = LHiOSAccumulatesInSwiftTests;
			sourceTree = "<group>";
		};
		9C3734321C3E455D009391CD /* LHiOSAccumulatesInSwiftUITests */ = {
			isa = PBXGroup;
			children = (
				9C3734331C3E455D009391CD /* LHiOSAccumulatesInSwiftUITests.swift */,
				9C3734351C3E455D009391CD /* Info.plist */,
			);
			path = LHiOSAccumulatesInSwiftUITests;
			sourceTree = "<group>";
		};
/* End PBXGroup section */

/* Begin PBXNativeTarget section */
		9C37340D1C3E455D009391CD /* LHiOSAccumulatesInSwift */ = {
			isa = PBXNativeTarget;
			buildConfigurationList = 9C3734381C3E455D009391CD /* Build configuration list for PBXNativeTarget "LHiOSAccumulatesInSwift" */;
			buildPhases = (
				9C37340A1C3E455D009391CD /* Sources */,
				9C37340B1C3E455D009391CD /* Frameworks */,
				9C37340C1C3E455D009391CD /* Resources */,
			);
			buildRules = (
			);
			dependencies = (
			);
			name = LHiOSAccumulatesInSwift;
			productName = LHiOSAccumulatesInSwift;
			productReference = 9C37340E1C3E455D009391CD /* LHiOSAccumulatesInSwift.app */;
			productType = "com.apple.product-type.application";
		};
/* End PBXNativeTarget section */

/* Begin PBXProject section */
		9C3734061C3E455D009391CD /* Project object */ = {
			isa = PBXProject;
			attributes = {
				LastUpgradeCheck = 0900;
				ORGANIZATIONNAME = Lihux;
				TargetAttributes = {
					9C37340D1C3E455D009391CD = {
						CreatedOnToolsVersion = 7.0.1;
						DevelopmentTeam = V8MK9778M3;
						LastSwiftMigration = 0900;
					};
				};
			};
			buildConfigurationList = 9C3734091C3E455D009391CD /* Build configuration list for PBXProject "LHiOSAccumulatesInSwift" */;
			compatibilityVersion = "Xcode 3.2";
			developmentRegion = English;
			hasScannedForEncodings = 0;
			knownRegions = (
				en,
				Base,
			);
			mainGroup = 9C3734051C3E455D009391CD;
			productRefGroup = 9C37340F1C3E455D009391CD /* Products */;
			projectDirPath = "";
			projectRoot = "";
			targets = (
				9C37340D1C3E455D009391CD /* LHiOSAccumulatesInSwift */,
			);
		};
/* End PBXProject section */

/* Begin PBXResourcesBuildPhase section */
		9C37340C1C3E455D009391CD /* Resources */ = {
			isa = PBXResourcesBuildPhase;
			buildActionMask = 2147483647;
			files = (
				52ECB4D91F14EF0C00E2E268 /* LSSectionHeaderView.xib in Resources */,
				5238A5B61F3B0AC6009913A7 /* LSTableViewCell.xib in Resources */,
				9C37341E1C3E455D009391CD /* LaunchScreen.storyboard in Resources */,
				5238A5E41F3B1521009913A7 /* LSDemo.storyboard in Resources */,
				5238A5E11F3B151C009913A7 /* LSSuprise.plist in Resources */,
				9C37341B1C3E455D009391CD /* Assets.xcassets in Resources */,
				5238A5E01F3B1517009913A7 /* LSSetting.storyboard in Resources */,
				5238A5DD1F3B14DF009913A7 /* LSDocument.plist in Resources */,
				5238A5DE1F3B1510009913A7 /* LSDocument.storyboard in Resources */,
				5238A5E21F3B151C009913A7 /* LSSuprise.storyboard in Resources */,
				5238A5DF1F3B1517009913A7 /* LSSetting.plist in Resources */,
				5238A5E31F3B1521009913A7 /* LSDemo.plist in Resources */,
				9C3734191C3E455D009391CD /* Main.storyboard in Resources */,
			);
			runOnlyForDeploymentPostprocessing = 0;
		};
/* End PBXResourcesBuildPhase section */

/* Begin PBXSourcesBuildPhase section */
		9C37340A1C3E455D009391CD /* Sources */ = {
			isa = PBXSourcesBuildPhase;
			buildActionMask = 2147483647;
			files = (
				52C6246E1F3C746800CD7045 /* LSCodableViewController.swift in Sources */,
				52ECB4D61F14EF0C00E2E268 /* LSButton.swift in Sources */,
				52ECB4D01F14EEF400E2E268 /* UIColor+LHHelper.swift in Sources */,
				5238A5B51F3B0AC6009913A7 /* LSTableViewCell.swift in Sources */,
				9C3734121C3E455D009391CD /* AppDelegate.swift in Sources */,
				52C624701F3C757500CD7045 /* LSViewController.swift in Sources */,
				52ECB4D31F14EEFF00E2E268 /* LSAccumulateManager.swift in Sources */,
				52ECB4DD1F14EF1300E2E268 /* LSTableViewController.swift in Sources */,
				52ECB4D71F14EF0C00E2E268 /* LSLightBorderButton.swift in Sources */,
				52ECB4D41F14EF0200E2E268 /* LSUtils.swift in Sources */,
				9C2311091E62B0C500629270 /* LSHomeViewController.swift in Sources */,
				52ECB4D81F14EF0C00E2E268 /* LSSectionHeaderView.swift in Sources */,
				52ECB4D21F14EEFF00E2E268 /* LSAccumulate.swift in Sources */,
				527D4F741F3DBA58005C3285 /* LSBook.swift in Sources */,
				52ECB4D11F14EEF700E2E268 /* UIView+LHAutoLayout.swift in Sources */,
				9C23110E1E62C4E400629270 /* LSFlyingView.swift in Sources */,
				52ECB4DB1F14EF1300E2E268 /* LSBasicViewController.swift in Sources */,
				52ECB4DC1F14EF1300E2E268 /* LSDetailTableViewController.swift in Sources */,
			);
			runOnlyForDeploymentPostprocessing = 0;
		};
/* End PBXSourcesBuildPhase section */

/* Begin PBXVariantGroup section */
		9C3734171C3E455D009391CD /* Main.storyboard */ = {
			isa = PBXVariantGroup;
			children = (
				9C3734181C3E455D009391CD /* Base */,
			);
			name = Main.storyboard;
			sourceTree = "<group>";
		};
		9C37341C1C3E455D009391CD /* LaunchScreen.storyboard */ = {
			isa = PBXVariantGroup;
			children = (
				9C37341D1C3E455D009391CD /* Base */,
			);
			name = LaunchScreen.storyboard;
			sourceTree = "<group>";
		};
/* End PBXVariantGroup section */

/* Begin XCBuildConfiguration section */
		9C3734361C3E455D009391CD /* Debug */ = {
			isa = XCBuildConfiguration;
			buildSettings = {
				ALWAYS_SEARCH_USER_PATHS = NO;
				CLANG_CXX_LANGUAGE_STANDARD = "gnu++0x";
				CLANG_CXX_LIBRARY = "libc++";
				CLANG_ENABLE_MODULES = YES;
				CLANG_ENABLE_OBJC_ARC = YES;
				CLANG_WARN_BLOCK_CAPTURE_AUTORELEASING = YES;
				CLANG_WARN_BOOL_CONVERSION = YES;
				CLANG_WARN_COMMA = YES;
				CLANG_WARN_CONSTANT_CONVERSION = YES;
				CLANG_WARN_DIRECT_OBJC_ISA_USAGE = YES_ERROR;
				CLANG_WARN_EMPTY_BODY = YES;
				CLANG_WARN_ENUM_CONVERSION = YES;
				CLANG_WARN_INFINITE_RECURSION = YES;
				CLANG_WARN_INT_CONVERSION = YES;
				CLANG_WARN_NON_LITERAL_NULL_CONVERSION = YES;
				CLANG_WARN_OBJC_LITERAL_CONVERSION = YES;
				CLANG_WARN_OBJC_ROOT_CLASS = YES_ERROR;
				CLANG_WARN_RANGE_LOOP_ANALYSIS = YES;
				CLANG_WARN_STRICT_PROTOTYPES = YES;
				CLANG_WARN_SUSPICIOUS_MOVE = YES;
				CLANG_WARN_UNREACHABLE_CODE = YES;
				CLANG_WARN__DUPLICATE_METHOD_MATCH = YES;
				"CODE_SIGN_IDENTITY[sdk=iphoneos*]" = "iPhone Developer";
				COPY_PHASE_STRIP = NO;
				DEBUG_INFORMATION_FORMAT = dwarf;
				ENABLE_STRICT_OBJC_MSGSEND = YES;
				ENABLE_TESTABILITY = YES;
				GCC_C_LANGUAGE_STANDARD = gnu99;
				GCC_DYNAMIC_NO_PIC = NO;
				GCC_NO_COMMON_BLOCKS = YES;
				GCC_OPTIMIZATION_LEVEL = 0;
				GCC_PREPROCESSOR_DEFINITIONS = (
					"DEBUG=1",
					"$(inherited)",
				);
				GCC_WARN_64_TO_32_BIT_CONVERSION = YES;
				GCC_WARN_ABOUT_RETURN_TYPE = YES_ERROR;
				GCC_WARN_UNDECLARED_SELECTOR = YES;
				GCC_WARN_UNINITIALIZED_AUTOS = YES_AGGRESSIVE;
				GCC_WARN_UNUSED_FUNCTION = YES;
				GCC_WARN_UNUSED_VARIABLE = YES;
				IPHONEOS_DEPLOYMENT_TARGET = 10.0;
				MTL_ENABLE_DEBUG_INFO = YES;
				ONLY_ACTIVE_ARCH = YES;
				SDKROOT = iphoneos;
				SWIFT_OPTIMIZATION_LEVEL = "-Onone";
				SWIFT_VERSION = 4.0;
				TARGETED_DEVICE_FAMILY = "1,2";
			};
			name = Debug;
		};
		9C3734371C3E455D009391CD /* Release */ = {
			isa = XCBuildConfiguration;
			buildSettings = {
				ALWAYS_SEARCH_USER_PATHS = NO;
				CLANG_CXX_LANGUAGE_STANDARD = "gnu++0x";
				CLANG_CXX_LIBRARY = "libc++";
				CLANG_ENABLE_MODULES = YES;
				CLANG_ENABLE_OBJC_ARC = YES;
				CLANG_WARN_BLOCK_CAPTURE_AUTORELEASING = YES;
				CLANG_WARN_BOOL_CONVERSION = YES;
				CLANG_WARN_COMMA = YES;
				CLANG_WARN_CONSTANT_CONVERSION = YES;
				CLANG_WARN_DIRECT_OBJC_ISA_USAGE = YES_ERROR;
				CLANG_WARN_EMPTY_BODY = YES;
				CLANG_WARN_ENUM_CONVERSION = YES;
				CLANG_WARN_INFINITE_RECURSION = YES;
				CLANG_WARN_INT_CONVERSION = YES;
				CLANG_WARN_NON_LITERAL_NULL_CONVERSION = YES;
				CLANG_WARN_OBJC_LITERAL_CONVERSION = YES;
				CLANG_WARN_OBJC_ROOT_CLASS = YES_ERROR;
				CLANG_WARN_RANGE_LOOP_ANALYSIS = YES;
				CLANG_WARN_STRICT_PROTOTYPES = YES;
				CLANG_WARN_SUSPICIOUS_MOVE = YES;
				CLANG_WARN_UNREACHABLE_CODE = YES;
				CLANG_WARN__DUPLICATE_METHOD_MATCH = YES;
				"CODE_SIGN_IDENTITY[sdk=iphoneos*]" = "iPhone Developer";
				COPY_PHASE_STRIP = NO;
				DEBUG_INFORMATION_FORMAT = "dwarf-with-dsym";
				ENABLE_NS_ASSERTIONS = NO;
				ENABLE_STRICT_OBJC_MSGSEND = YES;
				GCC_C_LANGUAGE_STANDARD = gnu99;
				GCC_NO_COMMON_BLOCKS = YES;
				GCC_WARN_64_TO_32_BIT_CONVERSION = YES;
				GCC_WARN_ABOUT_RETURN_TYPE = YES_ERROR;
				GCC_WARN_UNDECLARED_SELECTOR = YES;
				GCC_WARN_UNINITIALIZED_AUTOS = YES_AGGRESSIVE;
				GCC_WARN_UNUSED_FUNCTION = YES;
				GCC_WARN_UNUSED_VARIABLE = YES;
				IPHONEOS_DEPLOYMENT_TARGET = 10.0;
				MTL_ENABLE_DEBUG_INFO = NO;
				SDKROOT = iphoneos;
				SWIFT_OPTIMIZATION_LEVEL = "-Owholemodule";
				SWIFT_VERSION = 4.0;
				TARGETED_DEVICE_FAMILY = "1,2";
				VALIDATE_PRODUCT = YES;
			};
			name = Release;
		};
		9C3734391C3E455D009391CD /* Debug */ = {
			isa = XCBuildConfiguration;
			buildSettings = {
				ASSETCATALOG_COMPILER_APPICON_NAME = AppIcon;
				CODE_SIGN_IDENTITY = "iPhone Developer";
				DEVELOPMENT_TEAM = V8MK9778M3;
				INFOPLIST_FILE = LHiOSAccumulatesInSwift/Info.plist;
				LD_RUNPATH_SEARCH_PATHS = "$(inherited) @executable_path/Frameworks";
				PRODUCT_BUNDLE_IDENTIFIER = cn.mucang.ios.shequ;
				PRODUCT_NAME = "$(TARGET_NAME)";
				SWIFT_SWIFT3_OBJC_INFERENCE = Off;
				SWIFT_VERSION = 4.0;
			};
			name = Debug;
		};
		9C37343A1C3E455D009391CD /* Release */ = {
			isa = XCBuildConfiguration;
			buildSettings = {
				ASSETCATALOG_COMPILER_APPICON_NAME = AppIcon;
				CODE_SIGN_IDENTITY = "iPhone Developer";
				DEVELOPMENT_TEAM = V8MK9778M3;
				INFOPLIST_FILE = LHiOSAccumulatesInSwift/Info.plist;
				LD_RUNPATH_SEARCH_PATHS = "$(inherited) @executable_path/Frameworks";
				PRODUCT_BUNDLE_IDENTIFIER = cn.mucang.ios.shequ;
				PRODUCT_NAME = "$(TARGET_NAME)";
				SWIFT_SWIFT3_OBJC_INFERENCE = Off;
				SWIFT_VERSION = 4.0;
			};
			name = Release;
		};
/* End XCBuildConfiguration section */

/* Begin XCConfigurationList section */
		9C3734091C3E455D009391CD /* Build configuration list for PBXProject "LHiOSAccumulatesInSwift" */ = {
			isa = XCConfigurationList;
			buildConfigurations = (
				9C3734361C3E455D009391CD /* Debug */,
				9C3734371C3E455D009391CD /* Release */,
			);
			defaultConfigurationIsVisible = 0;
			defaultConfigurationName = Release;
		};
		9C3734381C3E455D009391CD /* Build configuration list for PBXNativeTarget "LHiOSAccumulatesInSwift" */ = {
			isa = XCConfigurationList;
			buildConfigurations = (
				9C3734391C3E455D009391CD /* Debug */,
				9C37343A1C3E455D009391CD /* Release */,
			);
			defaultConfigurationIsVisible = 0;
			defaultConfigurationName = Release;
		};
/* End XCConfigurationList section */
	};
	rootObject = 9C3734061C3E455D009391CD /* Project object */;
}
