// !$*UTF8*$!
{
	archiveVersion = 1;
	classes = {
	};
	objectVersion = 46;
	objects = {

/* Begin PBXBuildFile section */
		9C0C23A21C5468E000185C45 /* LSDemo.storyboard in Resources */ = {isa = PBXBuildFile; fileRef = 9C0C23A11C5468E000185C45 /* LSDemo.storyboard */; };
		9C0C23A41C54690D00185C45 /* LSDocument.storyboard in Resources */ = {isa = PBXBuildFile; fileRef = 9C0C23A31C54690D00185C45 /* LSDocument.storyboard */; };
		9C0C23A81C54695400185C45 /* LSSuprise.storyboard in Resources */ = {isa = PBXBuildFile; fileRef = 9C0C23A71C54695400185C45 /* LSSuprise.storyboard */; };
		9C0C23AA1C54698000185C45 /* LSSetting.storyboard in Resources */ = {isa = PBXBuildFile; fileRef = 9C0C23A91C54698000185C45 /* LSSetting.storyboard */; };
		9C0C23AC1C546C3200185C45 /* LSAccumulate.swift in Sources */ = {isa = PBXBuildFile; fileRef = 9C0C23AB1C546C3200185C45 /* LSAccumulate.swift */; };
		9C0C23AE1C546C6600185C45 /* LSAccumulateManager.swift in Sources */ = {isa = PBXBuildFile; fileRef = 9C0C23AD1C546C6600185C45 /* LSAccumulateManager.swift */; };
		9C0C23B01C546CEA00185C45 /* LSSectionHeaderView.swift in Sources */ = {isa = PBXBuildFile; fileRef = 9C0C23AF1C546CEA00185C45 /* LSSectionHeaderView.swift */; };
		9C0C23B21C546D0F00185C45 /* LSSectionHeaderView.xib in Resources */ = {isa = PBXBuildFile; fileRef = 9C0C23B11C546D0F00185C45 /* LSSectionHeaderView.xib */; };
		9C0C23B41C546D3100185C45 /* LSBorderLineView.swift in Sources */ = {isa = PBXBuildFile; fileRef = 9C0C23B31C546D3100185C45 /* LSBorderLineView.swift */; };
		9C0C23B61C546D6100185C45 /* LSTableViewCell.swift in Sources */ = {isa = PBXBuildFile; fileRef = 9C0C23B51C546D6100185C45 /* LSTableViewCell.swift */; };
		9C0C23BA1C546DE400185C45 /* LSButton.swift in Sources */ = {isa = PBXBuildFile; fileRef = 9C0C23B91C546DE400185C45 /* LSButton.swift */; };
		9C0C23BC1C546E1900185C45 /* LSTableViewController.swift in Sources */ = {isa = PBXBuildFile; fileRef = 9C0C23BB1C546E1900185C45 /* LSTableViewController.swift */; };
		9C0C23BE1C546E5400185C45 /* LSDetailTableViewController.swift in Sources */ = {isa = PBXBuildFile; fileRef = 9C0C23BD1C546E5400185C45 /* LSDetailTableViewController.swift */; };
		9C0C23C01C546EDC00185C45 /* LSSetting.plist in Resources */ = {isa = PBXBuildFile; fileRef = 9C0C23BF1C546EDC00185C45 /* LSSetting.plist */; };
		9C0C23C21C546EED00185C45 /* LSSuprise.plist in Resources */ = {isa = PBXBuildFile; fileRef = 9C0C23C11C546EED00185C45 /* LSSuprise.plist */; };
		9C0C23C41C546EFB00185C45 /* LSDocumulate.plist in Resources */ = {isa = PBXBuildFile; fileRef = 9C0C23C31C546EFB00185C45 /* LSDocumulate.plist */; };
		9C0C23C61C546F1100185C45 /* LSDemo.plist in Resources */ = {isa = PBXBuildFile; fileRef = 9C0C23C51C546F1100185C45 /* LSDemo.plist */; };
		9C0C23CB1C54774A00185C45 /* UIColor+Utilities.swift in Sources */ = {isa = PBXBuildFile; fileRef = 9C0C23CA1C54774A00185C45 /* UIColor+Utilities.swift */; };
		9C2311071E62B07800629270 /* LSBasicViewController.swift in Sources */ = {isa = PBXBuildFile; fileRef = 9C2311061E62B07800629270 /* LSBasicViewController.swift */; };
		9C2311091E62B0C500629270 /* LSHomeViewController.swift in Sources */ = {isa = PBXBuildFile; fileRef = 9C2311081E62B0C500629270 /* LSHomeViewController.swift */; };
		9C23110B1E62B30100629270 /* LSLightBorderButton.swift in Sources */ = {isa = PBXBuildFile; fileRef = 9C23110A1E62B30100629270 /* LSLightBorderButton.swift */; };
		9C23110E1E62C4E400629270 /* LSFlyingView.swift in Sources */ = {isa = PBXBuildFile; fileRef = 9C23110D1E62C4E400629270 /* LSFlyingView.swift */; };
		9C3734121C3E455D009391CD /* AppDelegate.swift in Sources */ = {isa = PBXBuildFile; fileRef = 9C3734111C3E455D009391CD /* AppDelegate.swift */; };
		9C3734191C3E455D009391CD /* Main.storyboard in Resources */ = {isa = PBXBuildFile; fileRef = 9C3734171C3E455D009391CD /* Main.storyboard */; };
		9C37341B1C3E455D009391CD /* Assets.xcassets in Resources */ = {isa = PBXBuildFile; fileRef = 9C37341A1C3E455D009391CD /* Assets.xcassets */; };
		9C37341E1C3E455D009391CD /* LaunchScreen.storyboard in Resources */ = {isa = PBXBuildFile; fileRef = 9C37341C1C3E455D009391CD /* LaunchScreen.storyboard */; };
		9C3734291C3E455D009391CD /* LHiOSAccumulatesInSwiftTests.swift in Sources */ = {isa = PBXBuildFile; fileRef = 9C3734281C3E455D009391CD /* LHiOSAccumulatesInSwiftTests.swift */; };
		9C3734341C3E455D009391CD /* LHiOSAccumulatesInSwiftUITests.swift in Sources */ = {isa = PBXBuildFile; fileRef = 9C3734331C3E455D009391CD /* LHiOSAccumulatesInSwiftUITests.swift */; };
		9C9648791E630490005620F7 /* LCSUtils.swift in Sources */ = {isa = PBXBuildFile; fileRef = 9C9648781E630490005620F7 /* LCSUtils.swift */; };
/* End PBXBuildFile section */

/* Begin PBXContainerItemProxy section */
		9C3734251C3E455D009391CD /* PBXContainerItemProxy */ = {
			isa = PBXContainerItemProxy;
			containerPortal = 9C3734061C3E455D009391CD /* Project object */;
			proxyType = 1;
			remoteGlobalIDString = 9C37340D1C3E455D009391CD;
			remoteInfo = LHiOSAccumulatesInSwift;
		};
		9C3734301C3E455D009391CD /* PBXContainerItemProxy */ = {
			isa = PBXContainerItemProxy;
			containerPortal = 9C3734061C3E455D009391CD /* Project object */;
			proxyType = 1;
			remoteGlobalIDString = 9C37340D1C3E455D009391CD;
			remoteInfo = LHiOSAccumulatesInSwift;
		};
/* End PBXContainerItemProxy section */

/* Begin PBXFileReference section */
		9C0C23A11C5468E000185C45 /* LSDemo.storyboard */ = {isa = PBXFileReference; fileEncoding = 4; lastKnownFileType = file.storyboard; name = LSDemo.storyboard; path = LSDemo/LSDemo.storyboard; sourceTree = "<group>"; };
		9C0C23A31C54690D00185C45 /* LSDocument.storyboard */ = {isa = PBXFileReference; fileEncoding = 4; lastKnownFileType = file.storyboard; name = LSDocument.storyboard; path = LSDocument/LSDocument.storyboard; sourceTree = "<group>"; };
		9C0C23A71C54695400185C45 /* LSSuprise.storyboard */ = {isa = PBXFileReference; fileEncoding = 4; lastKnownFileType = file.storyboard; name = LSSuprise.storyboard; path = LSSuprise/LSSuprise.storyboard; sourceTree = "<group>"; };
		9C0C23A91C54698000185C45 /* LSSetting.storyboard */ = {isa = PBXFileReference; fileEncoding = 4; lastKnownFileType = file.storyboard; name = LSSetting.storyboard; path = LSSetting/LSSetting.storyboard; sourceTree = "<group>"; };
		9C0C23AB1C546C3200185C45 /* LSAccumulate.swift */ = {isa = PBXFileReference; fileEncoding = 4; lastKnownFileType = sourcecode.swift; name = LSAccumulate.swift; path = LSGenreal/LSData/LSAccumulate.swift; sourceTree = "<group>"; };
		9C0C23AD1C546C6600185C45 /* LSAccumulateManager.swift */ = {isa = PBXFileReference; fileEncoding = 4; lastKnownFileType = sourcecode.swift; name = LSAccumulateManager.swift; path = LSGenreal/LSData/LSAccumulateManager.swift; sourceTree = "<group>"; };
		9C0C23AF1C546CEA00185C45 /* LSSectionHeaderView.swift */ = {isa = PBXFileReference; fileEncoding = 4; lastKnownFileType = sourcecode.swift; name = LSSectionHeaderView.swift; path = LSGenreal/LSView/LSSectionHeaderView.swift; sourceTree = "<group>"; };
		9C0C23B11C546D0F00185C45 /* LSSectionHeaderView.xib */ = {isa = PBXFileReference; fileEncoding = 4; lastKnownFileType = file.xib; name = LSSectionHeaderView.xib; path = LSGenreal/LSView/LSSectionHeaderView.xib; sourceTree = "<group>"; };
		9C0C23B31C546D3100185C45 /* LSBorderLineView.swift */ = {isa = PBXFileReference; fileEncoding = 4; lastKnownFileType = sourcecode.swift; name = LSBorderLineView.swift; path = LSGenreal/LSView/LSBorderLineView.swift; sourceTree = "<group>"; };
		9C0C23B51C546D6100185C45 /* LSTableViewCell.swift */ = {isa = PBXFileReference; fileEncoding = 4; lastKnownFileType = sourcecode.swift; name = LSTableViewCell.swift; path = LSGenreal/LSView/LSTableViewCell.swift; sourceTree = "<group>"; };
		9C0C23B91C546DE400185C45 /* LSButton.swift */ = {isa = PBXFileReference; fileEncoding = 4; lastKnownFileType = sourcecode.swift; name = LSButton.swift; path = LSGenreal/LSView/LSButton.swift; sourceTree = "<group>"; };
		9C0C23BB1C546E1900185C45 /* LSTableViewController.swift */ = {isa = PBXFileReference; fileEncoding = 4; lastKnownFileType = sourcecode.swift; name = LSTableViewController.swift; path = LSGenreal/LSViewController/LSTableViewController.swift; sourceTree = "<group>"; };
		9C0C23BD1C546E5400185C45 /* LSDetailTableViewController.swift */ = {isa = PBXFileReference; fileEncoding = 4; lastKnownFileType = sourcecode.swift; name = LSDetailTableViewController.swift; path = LSGenreal/LSViewController/LSDetailTableViewController.swift; sourceTree = "<group>"; };
		9C0C23BF1C546EDC00185C45 /* LSSetting.plist */ = {isa = PBXFileReference; fileEncoding = 4; lastKnownFileType = text.plist.xml; name = LSSetting.plist; path = LSSetting/LSSetting.plist; sourceTree = "<group>"; };
		9C0C23C11C546EED00185C45 /* LSSuprise.plist */ = {isa = PBXFileReference; fileEncoding = 4; lastKnownFileType = text.plist.xml; name = LSSuprise.plist; path = LSSuprise/LSSuprise.plist; sourceTree = "<group>"; };
		9C0C23C31C546EFB00185C45 /* LSDocumulate.plist */ = {isa = PBXFileReference; fileEncoding = 4; lastKnownFileType = text.plist.xml; name = LSDocumulate.plist; path = LSDocument/LSDocumulate.plist; sourceTree = "<group>"; };
		9C0C23C51C546F1100185C45 /* LSDemo.plist */ = {isa = PBXFileReference; fileEncoding = 4; lastKnownFileType = text.plist.xml; name = LSDemo.plist; path = LSDemo/LSDemo.plist; sourceTree = "<group>"; };
		9C0C23CA1C54774A00185C45 /* UIColor+Utilities.swift */ = {isa = PBXFileReference; fileEncoding = 4; lastKnownFileType = sourcecode.swift; path = "UIColor+Utilities.swift"; sourceTree = "<group>"; };
		9C0C23CE1C548BCD00185C45 /* LSSwiftBasicLearning.playground */ = {isa = PBXFileReference; lastKnownFileType = file.playground; name = LSSwiftBasicLearning.playground; path = LSGenreal/LSSwiftBasicLearning.playground; sourceTree = "<group>"; };
		9C2311061E62B07800629270 /* LSBasicViewController.swift */ = {isa = PBXFileReference; fileEncoding = 4; lastKnownFileType = sourcecode.swift; name = LSBasicViewController.swift; path = LSGenreal/LSViewController/LSBasicViewController.swift; sourceTree = "<group>"; };
		9C2311081E62B0C500629270 /* LSHomeViewController.swift */ = {isa = PBXFileReference; fileEncoding = 4; lastKnownFileType = sourcecode.swift; name = LSHomeViewController.swift; path = LSHome/LSHomeViewController.swift; sourceTree = "<group>"; };
		9C23110A1E62B30100629270 /* LSLightBorderButton.swift */ = {isa = PBXFileReference; fileEncoding = 4; lastKnownFileType = sourcecode.swift; name = LSLightBorderButton.swift; path = LSGenreal/LSView/LSLightBorderButton.swift; sourceTree = "<group>"; };
		9C23110D1E62C4E400629270 /* LSFlyingView.swift */ = {isa = PBXFileReference; fileEncoding = 4; lastKnownFileType = sourcecode.swift; name = LSFlyingView.swift; path = LSHome/view/LSFlyingView.swift; sourceTree = "<group>"; };
		9C37340E1C3E455D009391CD /* LHiOSAccumulatesInSwift.app */ = {isa = PBXFileReference; explicitFileType = wrapper.application; includeInIndex = 0; path = LHiOSAccumulatesInSwift.app; sourceTree = BUILT_PRODUCTS_DIR; };
		9C3734111C3E455D009391CD /* AppDelegate.swift */ = {isa = PBXFileReference; lastKnownFileType = sourcecode.swift; path = AppDelegate.swift; sourceTree = "<group>"; };
		9C3734181C3E455D009391CD /* Base */ = {isa = PBXFileReference; lastKnownFileType = file.storyboard; name = Base; path = Base.lproj/Main.storyboard; sourceTree = "<group>"; };
		9C37341A1C3E455D009391CD /* Assets.xcassets */ = {isa = PBXFileReference; lastKnownFileType = folder.assetcatalog; path = Assets.xcassets; sourceTree = "<group>"; };
		9C37341D1C3E455D009391CD /* Base */ = {isa = PBXFileReference; lastKnownFileType = file.storyboard; name = Base; path = Base.lproj/LaunchScreen.storyboard; sourceTree = "<group>"; };
		9C37341F1C3E455D009391CD /* Info.plist */ = {isa = PBXFileReference; lastKnownFileType = text.plist.xml; path = Info.plist; sourceTree = "<group>"; };
		9C3734241C3E455D009391CD /* LHiOSAccumulatesInSwiftTests.xctest */ = {isa = PBXFileReference; explicitFileType = wrapper.cfbundle; includeInIndex = 0; path = LHiOSAccumulatesInSwiftTests.xctest; sourceTree = BUILT_PRODUCTS_DIR; };
		9C3734281C3E455D009391CD /* LHiOSAccumulatesInSwiftTests.swift */ = {isa = PBXFileReference; lastKnownFileType = sourcecode.swift; path = LHiOSAccumulatesInSwiftTests.swift; sourceTree = "<group>"; };
		9C37342A1C3E455D009391CD /* Info.plist */ = {isa = PBXFileReference; lastKnownFileType = text.plist.xml; path = Info.plist; sourceTree = "<group>"; };
		9C37342F1C3E455D009391CD /* LHiOSAccumulatesInSwiftUITests.xctest */ = {isa = PBXFileReference; explicitFileType = wrapper.cfbundle; includeInIndex = 0; path = LHiOSAccumulatesInSwiftUITests.xctest; sourceTree = BUILT_PRODUCTS_DIR; };
		9C3734331C3E455D009391CD /* LHiOSAccumulatesInSwiftUITests.swift */ = {isa = PBXFileReference; lastKnownFileType = sourcecode.swift; path = LHiOSAccumulatesInSwiftUITests.swift; sourceTree = "<group>"; };
		9C3734351C3E455D009391CD /* Info.plist */ = {isa = PBXFileReference; lastKnownFileType = text.plist.xml; path = Info.plist; sourceTree = "<group>"; };
		9C9648781E630490005620F7 /* LCSUtils.swift */ = {isa = PBXFileReference; fileEncoding = 4; lastKnownFileType = sourcecode.swift; path = LCSUtils.swift; sourceTree = "<group>"; };
/* End PBXFileReference section */

/* Begin PBXFrameworksBuildPhase section */
		9C37340B1C3E455D009391CD /* Frameworks */ = {
			isa = PBXFrameworksBuildPhase;
			buildActionMask = 2147483647;
			files = (
			);
			runOnlyForDeploymentPostprocessing = 0;
		};
		9C3734211C3E455D009391CD /* Frameworks */ = {
			isa = PBXFrameworksBuildPhase;
			buildActionMask = 2147483647;
			files = (
			);
			runOnlyForDeploymentPostprocessing = 0;
		};
		9C37342C1C3E455D009391CD /* Frameworks */ = {
			isa = PBXFrameworksBuildPhase;
			buildActionMask = 2147483647;
			files = (
			);
			runOnlyForDeploymentPostprocessing = 0;
		};
/* End PBXFrameworksBuildPhase section */

/* Begin PBXGroup section */
		9C0C23981C54672100185C45 /* LSHome */ = {
			isa = PBXGroup;
			children = (
				9C23110C1E62C4C700629270 /* view */,
				9C2311081E62B0C500629270 /* LSHomeViewController.swift */,
			);
			name = LSHome;
			sourceTree = "<group>";
		};
		9C0C23991C54673800185C45 /* LSGeneral */ = {
			isa = PBXGroup;
			children = (
				9C0C23C91C54774A00185C45 /* LSHelper */,
				9C0C23A01C54683C00185C45 /* LSViewController */,
				9C0C239F1C54683000185C45 /* LSView */,
				9C0C239E1C54681700185C45 /* LSData */,
				9C0C23CE1C548BCD00185C45 /* LSSwiftBasicLearning.playground */,
			);
			name = LSGeneral;
			sourceTree = "<group>";
		};
		9C0C239A1C54674C00185C45 /* LSDemo */ = {
			isa = PBXGroup;
			children = (
				9C0C23A11C5468E000185C45 /* LSDemo.storyboard */,
				9C0C23C51C546F1100185C45 /* LSDemo.plist */,
			);
			name = LSDemo;
			sourceTree = "<group>";
		};
		9C0C239B1C54675900185C45 /* LSDocument */ = {
			isa = PBXGroup;
			children = (
				9C0C23A31C54690D00185C45 /* LSDocument.storyboard */,
				9C0C23C31C546EFB00185C45 /* LSDocumulate.plist */,
			);
			name = LSDocument;
			sourceTree = "<group>";
		};
		9C0C239C1C54676A00185C45 /* LSSuprise */ = {
			isa = PBXGroup;
			children = (
				9C0C23A71C54695400185C45 /* LSSuprise.storyboard */,
				9C0C23C11C546EED00185C45 /* LSSuprise.plist */,
			);
			name = LSSuprise;
			sourceTree = "<group>";
		};
		9C0C239D1C54677400185C45 /* LSSetting */ = {
			isa = PBXGroup;
			children = (
				9C0C23A91C54698000185C45 /* LSSetting.storyboard */,
				9C0C23BF1C546EDC00185C45 /* LSSetting.plist */,
			);
			name = LSSetting;
			sourceTree = "<group>";
		};
		9C0C239E1C54681700185C45 /* LSData */ = {
			isa = PBXGroup;
			children = (
				9C0C23AB1C546C3200185C45 /* LSAccumulate.swift */,
				9C0C23AD1C546C6600185C45 /* LSAccumulateManager.swift */,
			);
			name = LSData;
			sourceTree = "<group>";
		};
		9C0C239F1C54683000185C45 /* LSView */ = {
			isa = PBXGroup;
			children = (
				9C0C23AF1C546CEA00185C45 /* LSSectionHeaderView.swift */,
				9C0C23B11C546D0F00185C45 /* LSSectionHeaderView.xib */,
				9C0C23B31C546D3100185C45 /* LSBorderLineView.swift */,
				9C0C23B51C546D6100185C45 /* LSTableViewCell.swift */,
				9C0C23B91C546DE400185C45 /* LSButton.swift */,
				9C23110A1E62B30100629270 /* LSLightBorderButton.swift */,
			);
			name = LSView;
			sourceTree = "<group>";
		};
		9C0C23A01C54683C00185C45 /* LSViewController */ = {
			isa = PBXGroup;
			children = (
				9C0C23BB1C546E1900185C45 /* LSTableViewController.swift */,
				9C0C23BD1C546E5400185C45 /* LSDetailTableViewController.swift */,
				9C2311061E62B07800629270 /* LSBasicViewController.swift */,
			);
			name = LSViewController;
			sourceTree = "<group>";
		};
		9C0C23C91C54774A00185C45 /* LSHelper */ = {
			isa = PBXGroup;
			children = (
				9C0C23CA1C54774A00185C45 /* UIColor+Utilities.swift */,
				9C9648781E630490005620F7 /* LCSUtils.swift */,
			);
			name = LSHelper;
			path = LSGenreal/LSHelper;
			sourceTree = "<group>";
		};
		9C23110C1E62C4C700629270 /* view */ = {
			isa = PBXGroup;
			children = (
				9C23110D1E62C4E400629270 /* LSFlyingView.swift */,
			);
			name = view;
			sourceTree = "<group>";
		};
		9C3734051C3E455D009391CD = {
			isa = PBXGroup;
			children = (
				9C3734101C3E455D009391CD /* LHiOSAccumulatesInSwift */,
				9C3734271C3E455D009391CD /* LHiOSAccumulatesInSwiftTests */,
				9C3734321C3E455D009391CD /* LHiOSAccumulatesInSwiftUITests */,
				9C37340F1C3E455D009391CD /* Products */,
			);
			sourceTree = "<group>";
		};
		9C37340F1C3E455D009391CD /* Products */ = {
			isa = PBXGroup;
			children = (
				9C37340E1C3E455D009391CD /* LHiOSAccumulatesInSwift.app */,
				9C3734241C3E455D009391CD /* LHiOSAccumulatesInSwiftTests.xctest */,
				9C37342F1C3E455D009391CD /* LHiOSAccumulatesInSwiftUITests.xctest */,
			);
			name = Products;
			sourceTree = "<group>";
		};
		9C3734101C3E455D009391CD /* LHiOSAccumulatesInSwift */ = {
			isa = PBXGroup;
			children = (
				9C0C23991C54673800185C45 /* LSGeneral */,
				9C0C23981C54672100185C45 /* LSHome */,
				9C0C239D1C54677400185C45 /* LSSetting */,
				9C0C239C1C54676A00185C45 /* LSSuprise */,
				9C0C239B1C54675900185C45 /* LSDocument */,
				9C0C239A1C54674C00185C45 /* LSDemo */,
				9C3734111C3E455D009391CD /* AppDelegate.swift */,
				9C3734171C3E455D009391CD /* Main.storyboard */,
				9C37341A1C3E455D009391CD /* Assets.xcassets */,
				9C37341C1C3E455D009391CD /* LaunchScreen.storyboard */,
				9C37341F1C3E455D009391CD /* Info.plist */,
			);
			path = LHiOSAccumulatesInSwift;
			sourceTree = "<group>";
		};
		9C3734271C3E455D009391CD /* LHiOSAccumulatesInSwiftTests */ = {
			isa = PBXGroup;
			children = (
				9C3734281C3E455D009391CD /* LHiOSAccumulatesInSwiftTests.swift */,
				9C37342A1C3E455D009391CD /* Info.plist */,
			);
			path = LHiOSAccumulatesInSwiftTests;
			sourceTree = "<group>";
		};
		9C3734321C3E455D009391CD /* LHiOSAccumulatesInSwiftUITests */ = {
			isa = PBXGroup;
			children = (
				9C3734331C3E455D009391CD /* LHiOSAccumulatesInSwiftUITests.swift */,
				9C3734351C3E455D009391CD /* Info.plist */,
			);
			path = LHiOSAccumulatesInSwiftUITests;
			sourceTree = "<group>";
		};
/* End PBXGroup section */

/* Begin PBXNativeTarget section */
		9C37340D1C3E455D009391CD /* LHiOSAccumulatesInSwift */ = {
			isa = PBXNativeTarget;
			buildConfigurationList = 9C3734381C3E455D009391CD /* Build configuration list for PBXNativeTarget "LHiOSAccumulatesInSwift" */;
			buildPhases = (
				9C37340A1C3E455D009391CD /* Sources */,
				9C37340B1C3E455D009391CD /* Frameworks */,
				9C37340C1C3E455D009391CD /* Resources */,
			);
			buildRules = (
			);
			dependencies = (
			);
			name = LHiOSAccumulatesInSwift;
			productName = LHiOSAccumulatesInSwift;
			productReference = 9C37340E1C3E455D009391CD /* LHiOSAccumulatesInSwift.app */;
			productType = "com.apple.product-type.application";
		};
		9C3734231C3E455D009391CD /* LHiOSAccumulatesInSwiftTests */ = {
			isa = PBXNativeTarget;
			buildConfigurationList = 9C37343B1C3E455D009391CD /* Build configuration list for PBXNativeTarget "LHiOSAccumulatesInSwiftTests" */;
			buildPhases = (
				9C3734201C3E455D009391CD /* Sources */,
				9C3734211C3E455D009391CD /* Frameworks */,
				9C3734221C3E455D009391CD /* Resources */,
			);
			buildRules = (
			);
			dependencies = (
				9C3734261C3E455D009391CD /* PBXTargetDependency */,
			);
			name = LHiOSAccumulatesInSwiftTests;
			productName = LHiOSAccumulatesInSwiftTests;
			productReference = 9C3734241C3E455D009391CD /* LHiOSAccumulatesInSwiftTests.xctest */;
			productType = "com.apple.product-type.bundle.unit-test";
		};
		9C37342E1C3E455D009391CD /* LHiOSAccumulatesInSwiftUITests */ = {
			isa = PBXNativeTarget;
			buildConfigurationList = 9C37343E1C3E455D009391CD /* Build configuration list for PBXNativeTarget "LHiOSAccumulatesInSwiftUITests" */;
			buildPhases = (
				9C37342B1C3E455D009391CD /* Sources */,
				9C37342C1C3E455D009391CD /* Frameworks */,
				9C37342D1C3E455D009391CD /* Resources */,
			);
			buildRules = (
			);
			dependencies = (
				9C3734311C3E455D009391CD /* PBXTargetDependency */,
			);
			name = LHiOSAccumulatesInSwiftUITests;
			productName = LHiOSAccumulatesInSwiftUITests;
			productReference = 9C37342F1C3E455D009391CD /* LHiOSAccumulatesInSwiftUITests.xctest */;
			productType = "com.apple.product-type.bundle.ui-testing";
		};
/* End PBXNativeTarget section */

/* Begin PBXProject section */
		9C3734061C3E455D009391CD /* Project object */ = {
			isa = PBXProject;
			attributes = {
				LastUpgradeCheck = 0700;
				ORGANIZATIONNAME = Lihux;
				TargetAttributes = {
					9C37340D1C3E455D009391CD = {
						CreatedOnToolsVersion = 7.0.1;
						DevelopmentTeam = 6Z988AT8PK;
						LastSwiftMigration = 0810;
					};
					9C3734231C3E455D009391CD = {
						CreatedOnToolsVersion = 7.0.1;
						LastSwiftMigration = 0810;
						TestTargetID = 9C37340D1C3E455D009391CD;
					};
					9C37342E1C3E455D009391CD = {
						CreatedOnToolsVersion = 7.0.1;
						LastSwiftMigration = 0810;
						TestTargetID = 9C37340D1C3E455D009391CD;
					};
				};
			};
			buildConfigurationList = 9C3734091C3E455D009391CD /* Build configuration list for PBXProject "LHiOSAccumulatesInSwift" */;
			compatibilityVersion = "Xcode 3.2";
			developmentRegion = English;
			hasScannedForEncodings = 0;
			knownRegions = (
				en,
				Base,
			);
			mainGroup = 9C3734051C3E455D009391CD;
			productRefGroup = 9C37340F1C3E455D009391CD /* Products */;
			projectDirPath = "";
			projectRoot = "";
			targets = (
				9C37340D1C3E455D009391CD /* LHiOSAccumulatesInSwift */,
				9C3734231C3E455D009391CD /* LHiOSAccumulatesInSwiftTests */,
				9C37342E1C3E455D009391CD /* LHiOSAccumulatesInSwiftUITests */,
			);
		};
/* End PBXProject section */

/* Begin PBXResourcesBuildPhase section */
		9C37340C1C3E455D009391CD /* Resources */ = {
			isa = PBXResourcesBuildPhase;
			buildActionMask = 2147483647;
			files = (
				9C0C23B21C546D0F00185C45 /* LSSectionHeaderView.xib in Resources */,
				9C0C23AA1C54698000185C45 /* LSSetting.storyboard in Resources */,
				9C0C23A21C5468E000185C45 /* LSDemo.storyboard in Resources */,
				9C0C23C21C546EED00185C45 /* LSSuprise.plist in Resources */,
				9C0C23C41C546EFB00185C45 /* LSDocumulate.plist in Resources */,
				9C37341E1C3E455D009391CD /* LaunchScreen.storyboard in Resources */,
				9C0C23C01C546EDC00185C45 /* LSSetting.plist in Resources */,
				9C37341B1C3E455D009391CD /* Assets.xcassets in Resources */,
				9C0C23A81C54695400185C45 /* LSSuprise.storyboard in Resources */,
				9C3734191C3E455D009391CD /* Main.storyboard in Resources */,
				9C0C23C61C546F1100185C45 /* LSDemo.plist in Resources */,
				9C0C23A41C54690D00185C45 /* LSDocument.storyboard in Resources */,
			);
			runOnlyForDeploymentPostprocessing = 0;
		};
		9C3734221C3E455D009391CD /* Resources */ = {
			isa = PBXResourcesBuildPhase;
			buildActionMask = 2147483647;
			files = (
			);
			runOnlyForDeploymentPostprocessing = 0;
		};
		9C37342D1C3E455D009391CD /* Resources */ = {
			isa = PBXResourcesBuildPhase;
			buildActionMask = 2147483647;
			files = (
			);
			runOnlyForDeploymentPostprocessing = 0;
		};
/* End PBXResourcesBuildPhase section */

/* Begin PBXSourcesBuildPhase section */
		9C37340A1C3E455D009391CD /* Sources */ = {
			isa = PBXSourcesBuildPhase;
			buildActionMask = 2147483647;
			files = (
				9C0C23B01C546CEA00185C45 /* LSSectionHeaderView.swift in Sources */,
				9C0C23AC1C546C3200185C45 /* LSAccumulate.swift in Sources */,
				9C3734121C3E455D009391CD /* AppDelegate.swift in Sources */,
				9C0C23BC1C546E1900185C45 /* LSTableViewController.swift in Sources */,
				9C9648791E630490005620F7 /* LCSUtils.swift in Sources */,
				9C0C23AE1C546C6600185C45 /* LSAccumulateManager.swift in Sources */,
				9C0C23CB1C54774A00185C45 /* UIColor+Utilities.swift in Sources */,
				9C0C23BA1C546DE400185C45 /* LSButton.swift in Sources */,
				9C0C23B61C546D6100185C45 /* LSTableViewCell.swift in Sources */,
				9C2311091E62B0C500629270 /* LSHomeViewController.swift in Sources */,
				9C23110B1E62B30100629270 /* LSLightBorderButton.swift in Sources */,
				9C23110E1E62C4E400629270 /* LSFlyingView.swift in Sources */,
				9C0C23BE1C546E5400185C45 /* LSDetailTableViewController.swift in Sources */,
				9C0C23B41C546D3100185C45 /* LSBorderLineView.swift in Sources */,
				9C2311071E62B07800629270 /* LSBasicViewController.swift in Sources */,
			);
			runOnlyForDeploymentPostprocessing = 0;
		};
		9C3734201C3E455D009391CD /* Sources */ = {
			isa = PBXSourcesBuildPhase;
			buildActionMask = 2147483647;
			files = (
				9C3734291C3E455D009391CD /* LHiOSAccumulatesInSwiftTests.swift in Sources */,
			);
			runOnlyForDeploymentPostprocessing = 0;
		};
		9C37342B1C3E455D009391CD /* Sources */ = {
			isa = PBXSourcesBuildPhase;
			buildActionMask = 2147483647;
			files = (
				9C3734341C3E455D009391CD /* LHiOSAccumulatesInSwiftUITests.swift in Sources */,
			);
			runOnlyForDeploymentPostprocessing = 0;
		};
/* End PBXSourcesBuildPhase section */

/* Begin PBXTargetDependency section */
		9C3734261C3E455D009391CD /* PBXTargetDependency */ = {
			isa = PBXTargetDependency;
			target = 9C37340D1C3E455D009391CD /* LHiOSAccumulatesInSwift */;
			targetProxy = 9C3734251C3E455D009391CD /* PBXContainerItemProxy */;
		};
		9C3734311C3E455D009391CD /* PBXTargetDependency */ = {
			isa = PBXTargetDependency;
			target = 9C37340D1C3E455D009391CD /* LHiOSAccumulatesInSwift */;
			targetProxy = 9C3734301C3E455D009391CD /* PBXContainerItemProxy */;
		};
/* End PBXTargetDependency section */

/* Begin PBXVariantGroup section */
		9C3734171C3E455D009391CD /* Main.storyboard */ = {
			isa = PBXVariantGroup;
			children = (
				9C3734181C3E455D009391CD /* Base */,
			);
			name = Main.storyboard;
			sourceTree = "<group>";
		};
		9C37341C1C3E455D009391CD /* LaunchScreen.storyboard */ = {
			isa = PBXVariantGroup;
			children = (
				9C37341D1C3E455D009391CD /* Base */,
			);
			name = LaunchScreen.storyboard;
			sourceTree = "<group>";
		};
/* End PBXVariantGroup section */

/* Begin XCBuildConfiguration section */
		9C3734361C3E455D009391CD /* Debug */ = {
			isa = XCBuildConfiguration;
			buildSettings = {
				ALWAYS_SEARCH_USER_PATHS = NO;
				CLANG_CXX_LANGUAGE_STANDARD = "gnu++0x";
				CLANG_CXX_LIBRARY = "libc++";
				CLANG_ENABLE_MODULES = YES;
				CLANG_ENABLE_OBJC_ARC = YES;
				CLANG_WARN_BOOL_CONVERSION = YES;
				CLANG_WARN_CONSTANT_CONVERSION = YES;
				CLANG_WARN_DIRECT_OBJC_ISA_USAGE = YES_ERROR;
				CLANG_WARN_EMPTY_BODY = YES;
				CLANG_WARN_ENUM_CONVERSION = YES;
				CLANG_WARN_INT_CONVERSION = YES;
				CLANG_WARN_OBJC_ROOT_CLASS = YES_ERROR;
				CLANG_WARN_UNREACHABLE_CODE = YES;
				CLANG_WARN__DUPLICATE_METHOD_MATCH = YES;
				"CODE_SIGN_IDENTITY[sdk=iphoneos*]" = "iPhone Developer";
				COPY_PHASE_STRIP = NO;
				DEBUG_INFORMATION_FORMAT = dwarf;
				ENABLE_STRICT_OBJC_MSGSEND = YES;
				ENABLE_TESTABILITY = YES;
				GCC_C_LANGUAGE_STANDARD = gnu99;
				GCC_DYNAMIC_NO_PIC = NO;
				GCC_NO_COMMON_BLOCKS = YES;
				GCC_OPTIMIZATION_LEVEL = 0;
				GCC_PREPROCESSOR_DEFINITIONS = (
					"DEBUG=1",
					"$(inherited)",
				);
				GCC_WARN_64_TO_32_BIT_CONVERSION = YES;
				GCC_WARN_ABOUT_RETURN_TYPE = YES_ERROR;
				GCC_WARN_UNDECLARED_SELECTOR = YES;
				GCC_WARN_UNINITIALIZED_AUTOS = YES_AGGRESSIVE;
				GCC_WARN_UNUSED_FUNCTION = YES;
				GCC_WARN_UNUSED_VARIABLE = YES;
				IPHONEOS_DEPLOYMENT_TARGET = 9.0;
				MTL_ENABLE_DEBUG_INFO = YES;
				ONLY_ACTIVE_ARCH = YES;
				SDKROOT = iphoneos;
				SWIFT_OPTIMIZATION_LEVEL = "-Onone";
				TARGETED_DEVICE_FAMILY = "1,2";
			};
			name = Debug;
		};
		9C3734371C3E455D009391CD /* Release */ = {
			isa = XCBuildConfiguration;
			buildSettings = {
				ALWAYS_SEARCH_USER_PATHS = NO;
				CLANG_CXX_LANGUAGE_STANDARD = "gnu++0x";
				CLANG_CXX_LIBRARY = "libc++";
				CLANG_ENABLE_MODULES = YES;
				CLANG_ENABLE_OBJC_ARC = YES;
				CLANG_WARN_BOOL_CONVERSION = YES;
				CLANG_WARN_CONSTANT_CONVERSION = YES;
				CLANG_WARN_DIRECT_OBJC_ISA_USAGE = YES_ERROR;
				CLANG_WARN_EMPTY_BODY = YES;
				CLANG_WARN_ENUM_CONVERSION = YES;
				CLANG_WARN_INT_CONVERSION = YES;
				CLANG_WARN_OBJC_ROOT_CLASS = YES_ERROR;
				CLANG_WARN_UNREACHABLE_CODE = YES;
				CLANG_WARN__DUPLICATE_METHOD_MATCH = YES;
				"CODE_SIGN_IDENTITY[sdk=iphoneos*]" = "iPhone Developer";
				COPY_PHASE_STRIP = NO;
				DEBUG_INFORMATION_FORMAT = "dwarf-with-dsym";
				ENABLE_NS_ASSERTIONS = NO;
				ENABLE_STRICT_OBJC_MSGSEND = YES;
				GCC_C_LANGUAGE_STANDARD = gnu99;
				GCC_NO_COMMON_BLOCKS = YES;
				GCC_WARN_64_TO_32_BIT_CONVERSION = YES;
				GCC_WARN_ABOUT_RETURN_TYPE = YES_ERROR;
				GCC_WARN_UNDECLARED_SELECTOR = YES;
				GCC_WARN_UNINITIALIZED_AUTOS = YES_AGGRESSIVE;
				GCC_WARN_UNUSED_FUNCTION = YES;
				GCC_WARN_UNUSED_VARIABLE = YES;
				IPHONEOS_DEPLOYMENT_TARGET = 9.0;
				MTL_ENABLE_DEBUG_INFO = NO;
				SDKROOT = iphoneos;
				TARGETED_DEVICE_FAMILY = "1,2";
				VALIDATE_PRODUCT = YES;
			};
			name = Release;
		};
		9C3734391C3E455D009391CD /* Debug */ = {
			isa = XCBuildConfiguration;
			buildSettings = {
				ASSETCATALOG_COMPILER_APPICON_NAME = AppIcon;
				CODE_SIGN_IDENTITY = "iPhone Developer";
				INFOPLIST_FILE = LHiOSAccumulatesInSwift/Info.plist;
				LD_RUNPATH_SEARCH_PATHS = "$(inherited) @executable_path/Frameworks";
				PRODUCT_BUNDLE_IDENTIFIER = LHiOS.LHiOSAccumulatesInSwift;
				PRODUCT_NAME = "$(TARGET_NAME)";
				SWIFT_VERSION = 3.0;
			};
			name = Debug;
		};
		9C37343A1C3E455D009391CD /* Release */ = {
			isa = XCBuildConfiguration;
			buildSettings = {
				ASSETCATALOG_COMPILER_APPICON_NAME = AppIcon;
				CODE_SIGN_IDENTITY = "iPhone Developer";
				INFOPLIST_FILE = LHiOSAccumulatesInSwift/Info.plist;
				LD_RUNPATH_SEARCH_PATHS = "$(inherited) @executable_path/Frameworks";
				PRODUCT_BUNDLE_IDENTIFIER = LHiOS.LHiOSAccumulatesInSwift;
				PRODUCT_NAME = "$(TARGET_NAME)";
				SWIFT_VERSION = 3.0;
			};
			name = Release;
		};
		9C37343C1C3E455D009391CD /* Debug */ = {
			isa = XCBuildConfiguration;
			buildSettings = {
				BUNDLE_LOADER = "$(TEST_HOST)";
				INFOPLIST_FILE = LHiOSAccumulatesInSwiftTests/Info.plist;
				LD_RUNPATH_SEARCH_PATHS = "$(inherited) @executable_path/Frameworks @loader_path/Frameworks";
				PRODUCT_BUNDLE_IDENTIFIER = LHiOS.LHiOSAccumulatesInSwiftTests;
				PRODUCT_NAME = "$(TARGET_NAME)";
				SWIFT_VERSION = 3.0;
				TEST_HOST = "$(BUILT_PRODUCTS_DIR)/LHiOSAccumulatesInSwift.app/LHiOSAccumulatesInSwift";
			};
			name = Debug;
		};
		9C37343D1C3E455D009391CD /* Release */ = {
			isa = XCBuildConfiguration;
			buildSettings = {
				BUNDLE_LOADER = "$(TEST_HOST)";
				INFOPLIST_FILE = LHiOSAccumulatesInSwiftTests/Info.plist;
				LD_RUNPATH_SEARCH_PATHS = "$(inherited) @executable_path/Frameworks @loader_path/Frameworks";
				PRODUCT_BUNDLE_IDENTIFIER = LHiOS.LHiOSAccumulatesInSwiftTests;
				PRODUCT_NAME = "$(TARGET_NAME)";
				SWIFT_VERSION = 3.0;
				TEST_HOST = "$(BUILT_PRODUCTS_DIR)/LHiOSAccumulatesInSwift.app/LHiOSAccumulatesInSwift";
			};
			name = Release;
		};
		9C37343F1C3E455D009391CD /* Debug */ = {
			isa = XCBuildConfiguration;
			buildSettings = {
				INFOPLIST_FILE = LHiOSAccumulatesInSwiftUITests/Info.plist;
				LD_RUNPATH_SEARCH_PATHS = "$(inherited) @executable_path/Frameworks @loader_path/Frameworks";
				PRODUCT_BUNDLE_IDENTIFIER = LHiOS.LHiOSAccumulatesInSwiftUITests;
				PRODUCT_NAME = "$(TARGET_NAME)";
				SWIFT_VERSION = 3.0;
				TEST_TARGET_NAME = LHiOSAccumulatesInSwift;
				USES_XCTRUNNER = YES;
			};
			name = Debug;
		};
		9C3734401C3E455D009391CD /* Release */ = {
			isa = XCBuildConfiguration;
			buildSettings = {
				INFOPLIST_FILE = LHiOSAccumulatesInSwiftUITests/Info.plist;
				LD_RUNPATH_SEARCH_PATHS = "$(inherited) @executable_path/Frameworks @loader_path/Frameworks";
				PRODUCT_BUNDLE_IDENTIFIER = LHiOS.LHiOSAccumulatesInSwiftUITests;
				PRODUCT_NAME = "$(TARGET_NAME)";
				SWIFT_VERSION = 3.0;
				TEST_TARGET_NAME = LHiOSAccumulatesInSwift;
				USES_XCTRUNNER = YES;
			};
			name = Release;
		};
/* End XCBuildConfiguration section */

/* Begin XCConfigurationList section */
		9C3734091C3E455D009391CD /* Build configuration list for PBXProject "LHiOSAccumulatesInSwift" */ = {
			isa = XCConfigurationList;
			buildConfigurations = (
				9C3734361C3E455D009391CD /* Debug */,
				9C3734371C3E455D009391CD /* Release */,
			);
			defaultConfigurationIsVisible = 0;
			defaultConfigurationName = Release;
		};
		9C3734381C3E455D009391CD /* Build configuration list for PBXNativeTarget "LHiOSAccumulatesInSwift" */ = {
			isa = XCConfigurationList;
			buildConfigurations = (
				9C3734391C3E455D009391CD /* Debug */,
				9C37343A1C3E455D009391CD /* Release */,
			);
			defaultConfigurationIsVisible = 0;
			defaultConfigurationName = Release;
		};
		9C37343B1C3E455D009391CD /* Build configuration list for PBXNativeTarget "LHiOSAccumulatesInSwiftTests" */ = {
			isa = XCConfigurationList;
			buildConfigurations = (
				9C37343C1C3E455D009391CD /* Debug */,
				9C37343D1C3E455D009391CD /* Release */,
			);
			defaultConfigurationIsVisible = 0;
			defaultConfigurationName = Release;
		};
		9C37343E1C3E455D009391CD /* Build configuration list for PBXNativeTarget "LHiOSAccumulatesInSwiftUITests" */ = {
			isa = XCConfigurationList;
			buildConfigurations = (
				9C37343F1C3E455D009391CD /* Debug */,
				9C3734401C3E455D009391CD /* Release */,
			);
			defaultConfigurationIsVisible = 0;
			defaultConfigurationName = Release;
		};
/* End XCConfigurationList section */
	};
	rootObject = 9C3734061C3E455D009391CD /* Project object */;
}
