// !$*UTF8*$!
{
	archiveVersion = 1;
	classes = {
	};
	objectVersion = 48;
	objects = {

/* Begin PBXFileReference section */
		9C9D715E1F464A2D00380729 /* README */ = {isa = PBXFileReference; lastKnownFileType = text; path = README; sourceTree = "<group>"; };
		9C9D715F1F464A2D00380729 /* vec.h */ = {isa = PBXFileReference; lastKnownFileType = sourcecode.c.h; path = vec.h; sourceTree = "<group>"; };
		9C9D71601F464A2D00380729 /* vec.c */ = {isa = PBXFileReference; lastKnownFileType = sourcecode.c.c; path = vec.c; sourceTree = "<group>"; };
		9C9D71611F464A2D00380729 /* vec.h.gch */ = {isa = PBXFileReference; lastKnownFileType = file; path = vec.h.gch; sourceTree = "<group>"; };
		9C9D71621F464A3700380729 /* main.c */ = {isa = PBXFileReference; lastKnownFileType = sourcecode.c.c; path = main.c; sourceTree = "<group>"; };
		9C9D71631F464A5300380729 /* gccS */ = {isa = PBXFileReference; lastKnownFileType = text.script.sh; path = gccS; sourceTree = "<group>"; };
		9C9D71641F464A7700380729 /* eco */ = {isa = PBXFileReference; lastKnownFileType = text.script.sh; path = eco; sourceTree = "<group>"; };
		9C9D71651F464A9900380729 /* opt */ = {isa = PBXFileReference; lastKnownFileType = text.script.sh; path = opt; sourceTree = "<group>"; };
		9C9D71661F464C0900380729 /* combine1.c */ = {isa = PBXFileReference; lastKnownFileType = sourcecode.c.c; path = combine1.c; sourceTree = "<group>"; };
		9C9D71671F464C0900380729 /* combine1.h */ = {isa = PBXFileReference; lastKnownFileType = sourcecode.c.h; path = combine1.h; sourceTree = "<group>"; };
/* End PBXFileReference section */

/* Begin PBXGroup section */
		9CEF764B1F46490600473EF9 = {
			isa = PBXGroup;
			children = (
				9C9D71621F464A3700380729 /* main.c */,
				9C9D71661F464C0900380729 /* combine1.c */,
				9C9D71671F464C0900380729 /* combine1.h */,
				9C9D71631F464A5300380729 /* gccS */,
				9C9D71651F464A9900380729 /* opt */,
				9C9D71641F464A7700380729 /* eco */,
				9C9D715E1F464A2D00380729 /* README */,
				9C9D71601F464A2D00380729 /* vec.c */,
				9C9D715F1F464A2D00380729 /* vec.h */,
				9C9D71611F464A2D00380729 /* vec.h.gch */,
			);
			sourceTree = "<group>";
		};
/* End PBXGroup section */

/* Begin PBXProject section */
		9CEF764C1F46490600473EF9 /* Project object */ = {
			isa = PBXProject;
			attributes = {
				LastUpgradeCheck = 0900;
			};
			buildConfigurationList = 9CEF764F1F46490600473EF9 /* Build configuration list for PBXProject "CSAPP_ch5" */;
			compatibilityVersion = "Xcode 8.0";
			developmentRegion = en;
			hasScannedForEncodings = 0;
			knownRegions = (
				en,
			);
			mainGroup = 9CEF764B1F46490600473EF9;
			projectDirPath = "";
			projectRoot = "";
			targets = (
			);
		};
/* End PBXProject section */

/* Begin XCBuildConfiguration section */
		9CEF76501F46490600473EF9 /* Debug */ = {
			isa = XCBuildConfiguration;
			buildSettings = {
			};
			name = Debug;
		};
		9CEF76511F46490600473EF9 /* Release */ = {
			isa = XCBuildConfiguration;
			buildSettings = {
			};
			name = Release;
		};
/* End XCBuildConfiguration section */

/* Begin XCConfigurationList section */
		9CEF764F1F46490600473EF9 /* Build configuration list for PBXProject "CSAPP_ch5" */ = {
			isa = XCConfigurationList;
			buildConfigurations = (
				9CEF76501F46490600473EF9 /* Debug */,
				9CEF76511F46490600473EF9 /* Release */,
			);
			defaultConfigurationIsVisible = 0;
			defaultConfigurationName = Release;
		};
/* End XCConfigurationList section */
	};
	rootObject = 9CEF764C1F46490600473EF9 /* Project object */;
}
