// !$*UTF8*$!
{
	archiveVersion = 1;
	classes = {
	};
	objectVersion = 46;
	objects = {

/* Begin PBXBuildFile section */
		522485141EE7BB60001A1429 /* LCDemo.storyboard in Resources */ = {isa = PBXBuildFile; fileRef = 522484F21EE7BB60001A1429 /* LCDemo.storyboard */; };
		522485191EE7BB60001A1429 /* LCDemo.plist in Resources */ = {isa = PBXBuildFile; fileRef = 522484FB1EE7BB60001A1429 /* LCDemo.plist */; };
		5224851C1EE7BB60001A1429 /* LCDURLLoadingSystem.plist in Resources */ = {isa = PBXBuildFile; fileRef = 522485011EE7BB60001A1429 /* LCDURLLoadingSystem.plist */; };
		5224851D1EE7BB60001A1429 /* LCDURLLoadingSystem.storyboard in Resources */ = {isa = PBXBuildFile; fileRef = 522485021EE7BB60001A1429 /* LCDURLLoadingSystem.storyboard */; };
		5224851E1EE7BB60001A1429 /* LCDURLMetricsViewController.m in Sources */ = {isa = PBXBuildFile; fileRef = 522485041EE7BB60001A1429 /* LCDURLMetricsViewController.m */; };
		5224851F1EE7BB60001A1429 /* LCDocument.storyboard in Resources */ = {isa = PBXBuildFile; fileRef = 522485061EE7BB60001A1429 /* LCDocument.storyboard */; };
		522485201EE7BB60001A1429 /* LCDocument.plist in Resources */ = {isa = PBXBuildFile; fileRef = 522485071EE7BB60001A1429 /* LCDocument.plist */; };
		522485221EE7BB60001A1429 /* LCSetting.storyboard in Resources */ = {isa = PBXBuildFile; fileRef = 5224850B1EE7BB60001A1429 /* LCSetting.storyboard */; };
		522485231EE7BB60001A1429 /* LCSetting.plist in Resources */ = {isa = PBXBuildFile; fileRef = 5224850C1EE7BB60001A1429 /* LCSetting.plist */; };
		522485311EE8EBD0001A1429 /* UIView+LHAutoLayout.m in Sources */ = {isa = PBXBuildFile; fileRef = 522485301EE8EBD0001A1429 /* UIView+LHAutoLayout.m */; };
		5296F2AE1EFB9EB600A08022 /* LCBookShelf.xcdatamodeld in Sources */ = {isa = PBXBuildFile; fileRef = 5237BE6F1EFB84C800180A04 /* LCBookShelf.xcdatamodeld */; };
		5296F2AF1EFB9ED100A08022 /* LCBCurrentReadingViewController.m in Sources */ = {isa = PBXBuildFile; fileRef = 528FD95D1EFA377E00DF92BA /* LCBCurrentReadingViewController.m */; };
		5296F2B01EFB9EDA00A08022 /* LCBHowNBIamViewController.m in Sources */ = {isa = PBXBuildFile; fileRef = 528FD95F1EFA377E00DF92BA /* LCBHowNBIamViewController.m */; };
		5296F2B11EFB9EE300A08022 /* LCBReadingPlanViewController.m in Sources */ = {isa = PBXBuildFile; fileRef = 528FD9611EFA377E00DF92BA /* LCBReadingPlanViewController.m */; };
		5296F2B81EFBAAFF00A08022 /* LCBShelfViewController.m in Sources */ = {isa = PBXBuildFile; fileRef = 5296F2B71EFBAAFF00A08022 /* LCBShelfViewController.m */; };
		5296F2BC1EFBAD8A00A08022 /* LCBShelfTableViewCell.m in Sources */ = {isa = PBXBuildFile; fileRef = 5296F2BB1EFBAD8A00A08022 /* LCBShelfTableViewCell.m */; };
		52C3E6921EFA49CA00A17A3D /* LCBookCoreDataManager.m in Sources */ = {isa = PBXBuildFile; fileRef = 52C3E6911EFA49CA00A17A3D /* LCBookCoreDataManager.m */; };
		52E4C8991EFA434A00CB8F4D /* LCBookShelf.storyboard in Resources */ = {isa = PBXBuildFile; fileRef = 528FD95A1EFA377E00DF92BA /* LCBookShelf.storyboard */; };
		52E4C89A1EFA434E00CB8F4D /* LCBookShelf.plist in Resources */ = {isa = PBXBuildFile; fileRef = 528FD9591EFA377E00DF92BA /* LCBookShelf.plist */; };
		52E4C89C1EFA435600CB8F4D /* LCBookShelf.xcmappingmodel in Sources */ = {isa = PBXBuildFile; fileRef = 52E4C8981EFA42D100CB8F4D /* LCBookShelf.xcmappingmodel */; };
		9C03656B1C4CF9F900E04D7B /* LCAccumulate.m in Sources */ = {isa = PBXBuildFile; fileRef = 9C0365531C4CF9F900E04D7B /* LCAccumulate.m */; };
		9C03656C1C4CF9F900E04D7B /* LCAccumulateManager.m in Sources */ = {isa = PBXBuildFile; fileRef = 9C0365551C4CF9F900E04D7B /* LCAccumulateManager.m */; };
		9C03656D1C4CF9F900E04D7B /* LCUtilities.m in Sources */ = {isa = PBXBuildFile; fileRef = 9C0365571C4CF9F900E04D7B /* LCUtilities.m */; };
		9C03656E1C4CF9F900E04D7B /* LCButton.m in Sources */ = {isa = PBXBuildFile; fileRef = 9C03655A1C4CF9F900E04D7B /* LCButton.m */; };
		9C03656F1C4CF9F900E04D7B /* LCLightBorderButton.m in Sources */ = {isa = PBXBuildFile; fileRef = 9C03655C1C4CF9F900E04D7B /* LCLightBorderButton.m */; };
		9C0365711C4CF9F900E04D7B /* LHBorderLineView.m in Sources */ = {isa = PBXBuildFile; fileRef = 9C0365601C4CF9F900E04D7B /* LHBorderLineView.m */; };
		9C0365721C4CF9F900E04D7B /* LCTableViewController.m in Sources */ = {isa = PBXBuildFile; fileRef = 9C0365631C4CF9F900E04D7B /* LCTableViewController.m */; };
		9C0365731C4CF9F900E04D7B /* UIColor+helper.m in Sources */ = {isa = PBXBuildFile; fileRef = 9C0365661C4CF9F900E04D7B /* UIColor+helper.m */; };
		9C0365741C4CF9F900E04D7B /* UIImage+Color.m in Sources */ = {isa = PBXBuildFile; fileRef = 9C0365681C4CF9F900E04D7B /* UIImage+Color.m */; };
		9C03658B1C4CFA3700E04D7B /* LCHomeViewController.m in Sources */ = {isa = PBXBuildFile; fileRef = 9C03657E1C4CFA3700E04D7B /* LCHomeViewController.m */; };
		9C03658C1C4CFA3700E04D7B /* LCAnimationLayer.m in Sources */ = {isa = PBXBuildFile; fileRef = 9C0365811C4CFA3700E04D7B /* LCAnimationLayer.m */; };
		9C03658D1C4CFA3700E04D7B /* LCAnimationView.m in Sources */ = {isa = PBXBuildFile; fileRef = 9C0365831C4CFA3700E04D7B /* LCAnimationView.m */; };
		9C03658E1C4CFA3700E04D7B /* LCFlyingView.m in Sources */ = {isa = PBXBuildFile; fileRef = 9C0365851C4CFA3700E04D7B /* LCFlyingView.m */; };
		9C0365911C4CFBED00E04D7B /* AppDelegate.m in Sources */ = {isa = PBXBuildFile; fileRef = 9C0365901C4CFBED00E04D7B /* AppDelegate.m */; };
		9C26C5001EEBE1F800CE608A /* LCDURLSessionViewController.m in Sources */ = {isa = PBXBuildFile; fileRef = 9C26C4FF1EEBE1F800CE608A /* LCDURLSessionViewController.m */; };
		9C26C5031EEC0A0B00CE608A /* LCDURLHelper.m in Sources */ = {isa = PBXBuildFile; fileRef = 9C26C5021EEC0A0B00CE608A /* LCDURLHelper.m */; };
		9C476D8F1EF42C1D004AC758 /* LCDispatch.storyboard in Resources */ = {isa = PBXBuildFile; fileRef = 9C1A048A1EEB8B6E00161D69 /* LCDispatch.storyboard */; };
		9C476D901EF42DC1004AC758 /* LCDispatchApplyViewController.m in Sources */ = {isa = PBXBuildFile; fileRef = 9C1A048C1EEB8B6E00161D69 /* LCDispatchApplyViewController.m */; };
		9C476D911EF430C6004AC758 /* LCDDispatch.plist in Resources */ = {isa = PBXBuildFile; fileRef = 9C1A04891EEB8B6E00161D69 /* LCDDispatch.plist */; };
		9C476D981EF51BFA004AC758 /* LCDBasicTech.storyboard in Resources */ = {isa = PBXBuildFile; fileRef = 9C476D971EF51BFA004AC758 /* LCDBasicTech.storyboard */; };
		9C476D991EF51D8F004AC758 /* LCDBasicTech.plist in Resources */ = {isa = PBXBuildFile; fileRef = 9C476D931EF51A70004AC758 /* LCDBasicTech.plist */; };
		9C476D9C1EF51E57004AC758 /* LCDBENUMExploreViewController.m in Sources */ = {isa = PBXBuildFile; fileRef = 9C476D9B1EF51E57004AC758 /* LCDBENUMExploreViewController.m */; };
		9C476D9F1EF51E6C004AC758 /* LCDBBlockExploreViewController.m in Sources */ = {isa = PBXBuildFile; fileRef = 9C476D9E1EF51E6C004AC758 /* LCDBBlockExploreViewController.m */; };
		9C61C4751C3E3E43003877BC /* main.m in Sources */ = {isa = PBXBuildFile; fileRef = 9C61C4741C3E3E43003877BC /* main.m */; };
		9C61C4811C3E3E43003877BC /* Main.storyboard in Resources */ = {isa = PBXBuildFile; fileRef = 9C61C47F1C3E3E43003877BC /* Main.storyboard */; };
		9C61C4831C3E3E43003877BC /* Assets.xcassets in Resources */ = {isa = PBXBuildFile; fileRef = 9C61C4821C3E3E43003877BC /* Assets.xcassets */; };
		9C61C4861C3E3E43003877BC /* LaunchScreen.storyboard in Resources */ = {isa = PBXBuildFile; fileRef = 9C61C4841C3E3E43003877BC /* LaunchScreen.storyboard */; };
		9C61C4911C3E3E43003877BC /* LHiOSAccumulatesInObjectiveCTests.m in Sources */ = {isa = PBXBuildFile; fileRef = 9C61C4901C3E3E43003877BC /* LHiOSAccumulatesInObjectiveCTests.m */; };
		9C61C49C1C3E3E43003877BC /* LHiOSAccumulatesInObjectiveCUITests.m in Sources */ = {isa = PBXBuildFile; fileRef = 9C61C49B1C3E3E43003877BC /* LHiOSAccumulatesInObjectiveCUITests.m */; };
		9C678A421EE6F49000746CEF /* LCTableViewCell.m in Sources */ = {isa = PBXBuildFile; fileRef = 9C678A401EE6F49000746CEF /* LCTableViewCell.m */; };
		9C678A431EE6F49000746CEF /* LCTableViewCell.xib in Resources */ = {isa = PBXBuildFile; fileRef = 9C678A411EE6F49000746CEF /* LCTableViewCell.xib */; };
		9C7FDF6E1EB0E39C00609D65 /* LCViewController.m in Sources */ = {isa = PBXBuildFile; fileRef = 9C7FDF6D1EB0E39C00609D65 /* LCViewController.m */; };
		9C9124351C4FA06E007AB00D /* LCSectionHeaderView.m in Sources */ = {isa = PBXBuildFile; fileRef = 9C9124341C4FA06E007AB00D /* LCSectionHeaderView.m */; };
		9C9124371C4FA0B6007AB00D /* LCSectionHeaderView.xib in Resources */ = {isa = PBXBuildFile; fileRef = 9C9124361C4FA0B6007AB00D /* LCSectionHeaderView.xib */; };
/* End PBXBuildFile section */

/* Begin PBXContainerItemProxy section */
		9C61C48D1C3E3E43003877BC /* PBXContainerItemProxy */ = {
			isa = PBXContainerItemProxy;
			containerPortal = 9C61C4681C3E3E43003877BC /* Project object */;
			proxyType = 1;
			remoteGlobalIDString = 9C61C46F1C3E3E43003877BC;
			remoteInfo = LHiOSAccumulatesInObjectiveC;
		};
		9C61C4981C3E3E43003877BC /* PBXContainerItemProxy */ = {
			isa = PBXContainerItemProxy;
			containerPortal = 9C61C4681C3E3E43003877BC /* Project object */;
			proxyType = 1;
			remoteGlobalIDString = 9C61C46F1C3E3E43003877BC;
			remoteInfo = LHiOSAccumulatesInObjectiveC;
		};
/* End PBXContainerItemProxy section */

/* Begin PBXFileReference section */
		522484F21EE7BB60001A1429 /* LCDemo.storyboard */ = {isa = PBXFileReference; fileEncoding = 4; lastKnownFileType = file.storyboard; path = LCDemo.storyboard; sourceTree = "<group>"; };
		522484FB1EE7BB60001A1429 /* LCDemo.plist */ = {isa = PBXFileReference; fileEncoding = 4; lastKnownFileType = text.plist.xml; path = LCDemo.plist; sourceTree = "<group>"; };
		522485011EE7BB60001A1429 /* LCDURLLoadingSystem.plist */ = {isa = PBXFileReference; fileEncoding = 4; lastKnownFileType = text.plist.xml; path = LCDURLLoadingSystem.plist; sourceTree = "<group>"; };
		522485021EE7BB60001A1429 /* LCDURLLoadingSystem.storyboard */ = {isa = PBXFileReference; fileEncoding = 4; lastKnownFileType = file.storyboard; path = LCDURLLoadingSystem.storyboard; sourceTree = "<group>"; };
		522485031EE7BB60001A1429 /* LCDURLMetricsViewController.h */ = {isa = PBXFileReference; fileEncoding = 4; lastKnownFileType = sourcecode.c.h; path = LCDURLMetricsViewController.h; sourceTree = "<group>"; };
		522485041EE7BB60001A1429 /* LCDURLMetricsViewController.m */ = {isa = PBXFileReference; fileEncoding = 4; lastKnownFileType = sourcecode.c.objc; path = LCDURLMetricsViewController.m; sourceTree = "<group>"; };
		522485061EE7BB60001A1429 /* LCDocument.storyboard */ = {isa = PBXFileReference; fileEncoding = 4; lastKnownFileType = file.storyboard; path = LCDocument.storyboard; sourceTree = "<group>"; };
		522485071EE7BB60001A1429 /* LCDocument.plist */ = {isa = PBXFileReference; fileEncoding = 4; lastKnownFileType = text.plist.xml; path = LCDocument.plist; sourceTree = "<group>"; };
		5224850B1EE7BB60001A1429 /* LCSetting.storyboard */ = {isa = PBXFileReference; fileEncoding = 4; lastKnownFileType = file.storyboard; path = LCSetting.storyboard; sourceTree = "<group>"; };
		5224850C1EE7BB60001A1429 /* LCSetting.plist */ = {isa = PBXFileReference; fileEncoding = 4; lastKnownFileType = text.plist.xml; path = LCSetting.plist; sourceTree = "<group>"; };
		5224852F1EE8EBD0001A1429 /* UIView+LHAutoLayout.h */ = {isa = PBXFileReference; fileEncoding = 4; lastKnownFileType = sourcecode.c.h; path = "UIView+LHAutoLayout.h"; sourceTree = "<group>"; };
		522485301EE8EBD0001A1429 /* UIView+LHAutoLayout.m */ = {isa = PBXFileReference; fileEncoding = 4; lastKnownFileType = sourcecode.c.objc; path = "UIView+LHAutoLayout.m"; sourceTree = "<group>"; };
		5237BE701EFB84C800180A04 /* LCBookShelf.xcdatamodel */ = {isa = PBXFileReference; lastKnownFileType = wrapper.xcdatamodel; path = LCBookShelf.xcdatamodel; sourceTree = "<group>"; };
		528FD9591EFA377E00DF92BA /* LCBookShelf.plist */ = {isa = PBXFileReference; lastKnownFileType = text.plist.xml; path = LCBookShelf.plist; sourceTree = "<group>"; };
		528FD95A1EFA377E00DF92BA /* LCBookShelf.storyboard */ = {isa = PBXFileReference; lastKnownFileType = file.storyboard; path = LCBookShelf.storyboard; sourceTree = "<group>"; };
		528FD95C1EFA377E00DF92BA /* LCBCurrentReadingViewController.h */ = {isa = PBXFileReference; lastKnownFileType = sourcecode.c.h; path = LCBCurrentReadingViewController.h; sourceTree = "<group>"; };
		528FD95D1EFA377E00DF92BA /* LCBCurrentReadingViewController.m */ = {isa = PBXFileReference; lastKnownFileType = sourcecode.c.objc; path = LCBCurrentReadingViewController.m; sourceTree = "<group>"; };
		528FD95E1EFA377E00DF92BA /* LCBHowNBIamViewController.h */ = {isa = PBXFileReference; lastKnownFileType = sourcecode.c.h; path = LCBHowNBIamViewController.h; sourceTree = "<group>"; };
		528FD95F1EFA377E00DF92BA /* LCBHowNBIamViewController.m */ = {isa = PBXFileReference; lastKnownFileType = sourcecode.c.objc; path = LCBHowNBIamViewController.m; sourceTree = "<group>"; };
		528FD9601EFA377E00DF92BA /* LCBReadingPlanViewController.h */ = {isa = PBXFileReference; lastKnownFileType = sourcecode.c.h; path = LCBReadingPlanViewController.h; sourceTree = "<group>"; };
		528FD9611EFA377E00DF92BA /* LCBReadingPlanViewController.m */ = {isa = PBXFileReference; lastKnownFileType = sourcecode.c.objc; path = LCBReadingPlanViewController.m; sourceTree = "<group>"; };
		5296F2B61EFBAAFF00A08022 /* LCBShelfViewController.h */ = {isa = PBXFileReference; lastKnownFileType = sourcecode.c.h; path = LCBShelfViewController.h; sourceTree = "<group>"; };
		5296F2B71EFBAAFF00A08022 /* LCBShelfViewController.m */ = {isa = PBXFileReference; lastKnownFileType = sourcecode.c.objc; path = LCBShelfViewController.m; sourceTree = "<group>"; };
		5296F2BA1EFBAD8A00A08022 /* LCBShelfTableViewCell.h */ = {isa = PBXFileReference; lastKnownFileType = sourcecode.c.h; path = LCBShelfTableViewCell.h; sourceTree = "<group>"; };
		5296F2BB1EFBAD8A00A08022 /* LCBShelfTableViewCell.m */ = {isa = PBXFileReference; lastKnownFileType = sourcecode.c.objc; path = LCBShelfTableViewCell.m; sourceTree = "<group>"; };
		52C3E6901EFA49CA00A17A3D /* LCBookCoreDataManager.h */ = {isa = PBXFileReference; lastKnownFileType = sourcecode.c.h; path = LCBookCoreDataManager.h; sourceTree = "<group>"; };
		52C3E6911EFA49CA00A17A3D /* LCBookCoreDataManager.m */ = {isa = PBXFileReference; lastKnownFileType = sourcecode.c.objc; path = LCBookCoreDataManager.m; sourceTree = "<group>"; };
		52E4C8981EFA42D100CB8F4D /* LCBookShelf.xcmappingmodel */ = {isa = PBXFileReference; lastKnownFileType = wrapper.xcmappingmodel; path = LCBookShelf.xcmappingmodel; sourceTree = "<group>"; };
		9C0365521C4CF9F900E04D7B /* LCAccumulate.h */ = {isa = PBXFileReference; fileEncoding = 4; lastKnownFileType = sourcecode.c.h; path = LCAccumulate.h; sourceTree = "<group>"; };
		9C0365531C4CF9F900E04D7B /* LCAccumulate.m */ = {isa = PBXFileReference; fileEncoding = 4; lastKnownFileType = sourcecode.c.objc; path = LCAccumulate.m; sourceTree = "<group>"; };
		9C0365541C4CF9F900E04D7B /* LCAccumulateManager.h */ = {isa = PBXFileReference; fileEncoding = 4; lastKnownFileType = sourcecode.c.h; path = LCAccumulateManager.h; sourceTree = "<group>"; };
		9C0365551C4CF9F900E04D7B /* LCAccumulateManager.m */ = {isa = PBXFileReference; fileEncoding = 4; lastKnownFileType = sourcecode.c.objc; path = LCAccumulateManager.m; sourceTree = "<group>"; };
		9C0365561C4CF9F900E04D7B /* LCUtilities.h */ = {isa = PBXFileReference; fileEncoding = 4; lastKnownFileType = sourcecode.c.h; path = LCUtilities.h; sourceTree = "<group>"; };
		9C0365571C4CF9F900E04D7B /* LCUtilities.m */ = {isa = PBXFileReference; fileEncoding = 4; lastKnownFileType = sourcecode.c.objc; path = LCUtilities.m; sourceTree = "<group>"; };
		9C0365591C4CF9F900E04D7B /* LCButton.h */ = {isa = PBXFileReference; fileEncoding = 4; lastKnownFileType = sourcecode.c.h; path = LCButton.h; sourceTree = "<group>"; };
		9C03655A1C4CF9F900E04D7B /* LCButton.m */ = {isa = PBXFileReference; fileEncoding = 4; lastKnownFileType = sourcecode.c.objc; path = LCButton.m; sourceTree = "<group>"; };
		9C03655B1C4CF9F900E04D7B /* LCLightBorderButton.h */ = {isa = PBXFileReference; fileEncoding = 4; lastKnownFileType = sourcecode.c.h; path = LCLightBorderButton.h; sourceTree = "<group>"; };
		9C03655C1C4CF9F900E04D7B /* LCLightBorderButton.m */ = {isa = PBXFileReference; fileEncoding = 4; lastKnownFileType = sourcecode.c.objc; path = LCLightBorderButton.m; sourceTree = "<group>"; };
		9C03655F1C4CF9F900E04D7B /* LHBorderLineView.h */ = {isa = PBXFileReference; fileEncoding = 4; lastKnownFileType = sourcecode.c.h; path = LHBorderLineView.h; sourceTree = "<group>"; };
		9C0365601C4CF9F900E04D7B /* LHBorderLineView.m */ = {isa = PBXFileReference; fileEncoding = 4; lastKnownFileType = sourcecode.c.objc; path = LHBorderLineView.m; sourceTree = "<group>"; };
		9C0365621C4CF9F900E04D7B /* LCTableViewController.h */ = {isa = PBXFileReference; fileEncoding = 4; lastKnownFileType = sourcecode.c.h; path = LCTableViewController.h; sourceTree = "<group>"; };
		9C0365631C4CF9F900E04D7B /* LCTableViewController.m */ = {isa = PBXFileReference; fileEncoding = 4; lastKnownFileType = sourcecode.c.objc; path = LCTableViewController.m; sourceTree = "<group>"; };
		9C0365651C4CF9F900E04D7B /* UIColor+helper.h */ = {isa = PBXFileReference; fileEncoding = 4; lastKnownFileType = sourcecode.c.h; path = "UIColor+helper.h"; sourceTree = "<group>"; };
		9C0365661C4CF9F900E04D7B /* UIColor+helper.m */ = {isa = PBXFileReference; fileEncoding = 4; lastKnownFileType = sourcecode.c.objc; path = "UIColor+helper.m"; sourceTree = "<group>"; };
		9C0365671C4CF9F900E04D7B /* UIImage+Color.h */ = {isa = PBXFileReference; fileEncoding = 4; lastKnownFileType = sourcecode.c.h; path = "UIImage+Color.h"; sourceTree = "<group>"; };
		9C0365681C4CF9F900E04D7B /* UIImage+Color.m */ = {isa = PBXFileReference; fileEncoding = 4; lastKnownFileType = sourcecode.c.objc; path = "UIImage+Color.m"; sourceTree = "<group>"; };
		9C03657D1C4CFA3700E04D7B /* LCHomeViewController.h */ = {isa = PBXFileReference; fileEncoding = 4; lastKnownFileType = sourcecode.c.h; path = LCHomeViewController.h; sourceTree = "<group>"; };
		9C03657E1C4CFA3700E04D7B /* LCHomeViewController.m */ = {isa = PBXFileReference; fileEncoding = 4; lastKnownFileType = sourcecode.c.objc; path = LCHomeViewController.m; sourceTree = "<group>"; };
		9C0365801C4CFA3700E04D7B /* LCAnimationLayer.h */ = {isa = PBXFileReference; fileEncoding = 4; lastKnownFileType = sourcecode.c.h; path = LCAnimationLayer.h; sourceTree = "<group>"; };
		9C0365811C4CFA3700E04D7B /* LCAnimationLayer.m */ = {isa = PBXFileReference; fileEncoding = 4; lastKnownFileType = sourcecode.c.objc; path = LCAnimationLayer.m; sourceTree = "<group>"; };
		9C0365821C4CFA3700E04D7B /* LCAnimationView.h */ = {isa = PBXFileReference; fileEncoding = 4; lastKnownFileType = sourcecode.c.h; path = LCAnimationView.h; sourceTree = "<group>"; };
		9C0365831C4CFA3700E04D7B /* LCAnimationView.m */ = {isa = PBXFileReference; fileEncoding = 4; lastKnownFileType = sourcecode.c.objc; path = LCAnimationView.m; sourceTree = "<group>"; };
		9C0365841C4CFA3700E04D7B /* LCFlyingView.h */ = {isa = PBXFileReference; fileEncoding = 4; lastKnownFileType = sourcecode.c.h; path = LCFlyingView.h; sourceTree = "<group>"; };
		9C0365851C4CFA3700E04D7B /* LCFlyingView.m */ = {isa = PBXFileReference; fileEncoding = 4; lastKnownFileType = sourcecode.c.objc; path = LCFlyingView.m; sourceTree = "<group>"; };
		9C03658F1C4CFBED00E04D7B /* AppDelegate.h */ = {isa = PBXFileReference; fileEncoding = 4; lastKnownFileType = sourcecode.c.h; path = AppDelegate.h; sourceTree = "<group>"; };
		9C0365901C4CFBED00E04D7B /* AppDelegate.m */ = {isa = PBXFileReference; fileEncoding = 4; lastKnownFileType = sourcecode.c.objc; path = AppDelegate.m; sourceTree = "<group>"; };
		9C0365921C4CFBFD00E04D7B /* Info.plist */ = {isa = PBXFileReference; fileEncoding = 4; lastKnownFileType = text.plist.xml; path = Info.plist; sourceTree = "<group>"; };
		9C1A04891EEB8B6E00161D69 /* LCDDispatch.plist */ = {isa = PBXFileReference; lastKnownFileType = text.plist.xml; path = LCDDispatch.plist; sourceTree = "<group>"; };
		9C1A048A1EEB8B6E00161D69 /* LCDispatch.storyboard */ = {isa = PBXFileReference; lastKnownFileType = file.storyboard; path = LCDispatch.storyboard; sourceTree = "<group>"; };
		9C1A048B1EEB8B6E00161D69 /* LCDispatchApplyViewController.h */ = {isa = PBXFileReference; lastKnownFileType = sourcecode.c.h; path = LCDispatchApplyViewController.h; sourceTree = "<group>"; };
		9C1A048C1EEB8B6E00161D69 /* LCDispatchApplyViewController.m */ = {isa = PBXFileReference; lastKnownFileType = sourcecode.c.objc; path = LCDispatchApplyViewController.m; sourceTree = "<group>"; };
		9C26C4FE1EEBE1F800CE608A /* LCDURLSessionViewController.h */ = {isa = PBXFileReference; lastKnownFileType = sourcecode.c.h; path = LCDURLSessionViewController.h; sourceTree = "<group>"; };
		9C26C4FF1EEBE1F800CE608A /* LCDURLSessionViewController.m */ = {isa = PBXFileReference; lastKnownFileType = sourcecode.c.objc; path = LCDURLSessionViewController.m; sourceTree = "<group>"; };
		9C26C5011EEC0A0B00CE608A /* LCDURLHelper.h */ = {isa = PBXFileReference; lastKnownFileType = sourcecode.c.h; path = LCDURLHelper.h; sourceTree = "<group>"; };
		9C26C5021EEC0A0B00CE608A /* LCDURLHelper.m */ = {isa = PBXFileReference; lastKnownFileType = sourcecode.c.objc; path = LCDURLHelper.m; sourceTree = "<group>"; };
		9C476D931EF51A70004AC758 /* LCDBasicTech.plist */ = {isa = PBXFileReference; lastKnownFileType = text.plist.xml; path = LCDBasicTech.plist; sourceTree = "<group>"; };
		9C476D971EF51BFA004AC758 /* LCDBasicTech.storyboard */ = {isa = PBXFileReference; lastKnownFileType = file.storyboard; path = LCDBasicTech.storyboard; sourceTree = "<group>"; };
		9C476D9A1EF51E57004AC758 /* LCDBENUMExploreViewController.h */ = {isa = PBXFileReference; lastKnownFileType = sourcecode.c.h; path = LCDBENUMExploreViewController.h; sourceTree = "<group>"; };
		9C476D9B1EF51E57004AC758 /* LCDBENUMExploreViewController.m */ = {isa = PBXFileReference; lastKnownFileType = sourcecode.c.objc; path = LCDBENUMExploreViewController.m; sourceTree = "<group>"; };
		9C476D9D1EF51E6C004AC758 /* LCDBBlockExploreViewController.h */ = {isa = PBXFileReference; lastKnownFileType = sourcecode.c.h; path = LCDBBlockExploreViewController.h; sourceTree = "<group>"; };
		9C476D9E1EF51E6C004AC758 /* LCDBBlockExploreViewController.m */ = {isa = PBXFileReference; lastKnownFileType = sourcecode.c.objc; path = LCDBBlockExploreViewController.m; sourceTree = "<group>"; };
		9C61C4701C3E3E43003877BC /* LHiOSAccumulatesInObjectiveC.app */ = {isa = PBXFileReference; explicitFileType = wrapper.application; includeInIndex = 0; path = LHiOSAccumulatesInObjectiveC.app; sourceTree = BUILT_PRODUCTS_DIR; };
		9C61C4741C3E3E43003877BC /* main.m */ = {isa = PBXFileReference; lastKnownFileType = sourcecode.c.objc; path = main.m; sourceTree = "<group>"; };
		9C61C4801C3E3E43003877BC /* Base */ = {isa = PBXFileReference; lastKnownFileType = file.storyboard; name = Base; path = Base.lproj/Main.storyboard; sourceTree = "<group>"; };
		9C61C4821C3E3E43003877BC /* Assets.xcassets */ = {isa = PBXFileReference; lastKnownFileType = folder.assetcatalog; path = Assets.xcassets; sourceTree = "<group>"; };
		9C61C4851C3E3E43003877BC /* Base */ = {isa = PBXFileReference; lastKnownFileType = file.storyboard; name = Base; path = Base.lproj/LaunchScreen.storyboard; sourceTree = "<group>"; };
		9C61C48C1C3E3E43003877BC /* LHiOSAccumulatesInObjectiveCTests.xctest */ = {isa = PBXFileReference; explicitFileType = wrapper.cfbundle; includeInIndex = 0; path = LHiOSAccumulatesInObjectiveCTests.xctest; sourceTree = BUILT_PRODUCTS_DIR; };
		9C61C4901C3E3E43003877BC /* LHiOSAccumulatesInObjectiveCTests.m */ = {isa = PBXFileReference; lastKnownFileType = sourcecode.c.objc; path = LHiOSAccumulatesInObjectiveCTests.m; sourceTree = "<group>"; };
		9C61C4921C3E3E43003877BC /* Info.plist */ = {isa = PBXFileReference; lastKnownFileType = text.plist.xml; path = Info.plist; sourceTree = "<group>"; };
		9C61C4971C3E3E43003877BC /* LHiOSAccumulatesInObjectiveCUITests.xctest */ = {isa = PBXFileReference; explicitFileType = wrapper.cfbundle; includeInIndex = 0; path = LHiOSAccumulatesInObjectiveCUITests.xctest; sourceTree = BUILT_PRODUCTS_DIR; };
		9C61C49B1C3E3E43003877BC /* LHiOSAccumulatesInObjectiveCUITests.m */ = {isa = PBXFileReference; lastKnownFileType = sourcecode.c.objc; path = LHiOSAccumulatesInObjectiveCUITests.m; sourceTree = "<group>"; };
		9C61C49D1C3E3E43003877BC /* Info.plist */ = {isa = PBXFileReference; lastKnownFileType = text.plist.xml; path = Info.plist; sourceTree = "<group>"; };
		9C678A3F1EE6F49000746CEF /* LCTableViewCell.h */ = {isa = PBXFileReference; fileEncoding = 4; lastKnownFileType = sourcecode.c.h; path = LCTableViewCell.h; sourceTree = "<group>"; };
		9C678A401EE6F49000746CEF /* LCTableViewCell.m */ = {isa = PBXFileReference; fileEncoding = 4; lastKnownFileType = sourcecode.c.objc; path = LCTableViewCell.m; sourceTree = "<group>"; };
		9C678A411EE6F49000746CEF /* LCTableViewCell.xib */ = {isa = PBXFileReference; fileEncoding = 4; lastKnownFileType = file.xib; path = LCTableViewCell.xib; sourceTree = "<group>"; };
		9C7FDF6C1EB0E39C00609D65 /* LCViewController.h */ = {isa = PBXFileReference; fileEncoding = 4; lastKnownFileType = sourcecode.c.h; path = LCViewController.h; sourceTree = "<group>"; };
		9C7FDF6D1EB0E39C00609D65 /* LCViewController.m */ = {isa = PBXFileReference; fileEncoding = 4; lastKnownFileType = sourcecode.c.objc; path = LCViewController.m; sourceTree = "<group>"; };
		9C9124331C4FA06E007AB00D /* LCSectionHeaderView.h */ = {isa = PBXFileReference; fileEncoding = 4; lastKnownFileType = sourcecode.c.h; path = LCSectionHeaderView.h; sourceTree = "<group>"; };
		9C9124341C4FA06E007AB00D /* LCSectionHeaderView.m */ = {isa = PBXFileReference; fileEncoding = 4; lastKnownFileType = sourcecode.c.objc; path = LCSectionHeaderView.m; sourceTree = "<group>"; };
		9C9124361C4FA0B6007AB00D /* LCSectionHeaderView.xib */ = {isa = PBXFileReference; fileEncoding = 4; lastKnownFileType = file.xib; path = LCSectionHeaderView.xib; sourceTree = "<group>"; };
/* End PBXFileReference section */

/* Begin PBXFrameworksBuildPhase section */
		9C61C46D1C3E3E43003877BC /* Frameworks */ = {
			isa = PBXFrameworksBuildPhase;
			buildActionMask = 2147483647;
			files = (
			);
			runOnlyForDeploymentPostprocessing = 0;
		};
		9C61C4891C3E3E43003877BC /* Frameworks */ = {
			isa = PBXFrameworksBuildPhase;
			buildActionMask = 2147483647;
			files = (
			);
			runOnlyForDeploymentPostprocessing = 0;
		};
		9C61C4941C3E3E43003877BC /* Frameworks */ = {
			isa = PBXFrameworksBuildPhase;
			buildActionMask = 2147483647;
			files = (
			);
			runOnlyForDeploymentPostprocessing = 0;
		};
/* End PBXFrameworksBuildPhase section */

/* Begin PBXGroup section */
		522484F01EE7BB60001A1429 /* LCTabs */ = {
			isa = PBXGroup;
			children = (
				5236A6501EF915D10011B09B /* LCBookShelf */,
				522484F11EE7BB60001A1429 /* LCDemo */,
				522485051EE7BB60001A1429 /* LCDocument */,
				5224850A1EE7BB60001A1429 /* LCSetting */,
			);
			path = LCTabs;
			sourceTree = "<group>";
		};
		522484F11EE7BB60001A1429 /* LCDemo */ = {
			isa = PBXGroup;
			children = (
				9C476D921EF51A4B004AC758 /* LCDBasicTech */,
				9C1A04881EEB8B6E00161D69 /* LCDDispatch */,
				522484F21EE7BB60001A1429 /* LCDemo.storyboard */,
				522484FB1EE7BB60001A1429 /* LCDemo.plist */,
				522484FE1EE7BB60001A1429 /* LCDURLLoadingSystem */,
			);
			path = LCDemo;
			sourceTree = "<group>";
		};
		522484FE1EE7BB60001A1429 /* LCDURLLoadingSystem */ = {
			isa = PBXGroup;
			children = (
				522485011EE7BB60001A1429 /* LCDURLLoadingSystem.plist */,
				522485021EE7BB60001A1429 /* LCDURLLoadingSystem.storyboard */,
				522485031EE7BB60001A1429 /* LCDURLMetricsViewController.h */,
				522485041EE7BB60001A1429 /* LCDURLMetricsViewController.m */,
				9C26C4FE1EEBE1F800CE608A /* LCDURLSessionViewController.h */,
				9C26C4FF1EEBE1F800CE608A /* LCDURLSessionViewController.m */,
				9C26C5011EEC0A0B00CE608A /* LCDURLHelper.h */,
				9C26C5021EEC0A0B00CE608A /* LCDURLHelper.m */,
			);
			path = LCDURLLoadingSystem;
			sourceTree = "<group>";
		};
		522485051EE7BB60001A1429 /* LCDocument */ = {
			isa = PBXGroup;
			children = (
				522485061EE7BB60001A1429 /* LCDocument.storyboard */,
				522485071EE7BB60001A1429 /* LCDocument.plist */,
			);
			path = LCDocument;
			sourceTree = "<group>";
		};
		5224850A1EE7BB60001A1429 /* LCSetting */ = {
			isa = PBXGroup;
			children = (
				5224850B1EE7BB60001A1429 /* LCSetting.storyboard */,
				5224850C1EE7BB60001A1429 /* LCSetting.plist */,
			);
			path = LCSetting;
			sourceTree = "<group>";
		};
		5236A6501EF915D10011B09B /* LCBookShelf */ = {
			isa = PBXGroup;
			children = (
				5296F2B91EFBAD6700A08022 /* views */,
				528FD9571EFA377E00DF92BA /* data */,
				528FD9581EFA377E00DF92BA /* resources */,
				528FD95B1EFA377E00DF92BA /* viewControllers */,
			);
			path = LCBookShelf;
			sourceTree = "<group>";
		};
		528FD9571EFA377E00DF92BA /* data */ = {
			isa = PBXGroup;
			children = (
				5237BE6F1EFB84C800180A04 /* LCBookShelf.xcdatamodeld */,
				52E4C8981EFA42D100CB8F4D /* LCBookShelf.xcmappingmodel */,
				52C3E6901EFA49CA00A17A3D /* LCBookCoreDataManager.h */,
				52C3E6911EFA49CA00A17A3D /* LCBookCoreDataManager.m */,
			);
			path = data;
			sourceTree = "<group>";
		};
		528FD9581EFA377E00DF92BA /* resources */ = {
			isa = PBXGroup;
			children = (
				528FD9591EFA377E00DF92BA /* LCBookShelf.plist */,
				528FD95A1EFA377E00DF92BA /* LCBookShelf.storyboard */,
			);
			path = resources;
			sourceTree = "<group>";
		};
		528FD95B1EFA377E00DF92BA /* viewControllers */ = {
			isa = PBXGroup;
			children = (
				528FD95C1EFA377E00DF92BA /* LCBCurrentReadingViewController.h */,
				528FD95D1EFA377E00DF92BA /* LCBCurrentReadingViewController.m */,
				528FD95E1EFA377E00DF92BA /* LCBHowNBIamViewController.h */,
				528FD95F1EFA377E00DF92BA /* LCBHowNBIamViewController.m */,
				528FD9601EFA377E00DF92BA /* LCBReadingPlanViewController.h */,
				528FD9611EFA377E00DF92BA /* LCBReadingPlanViewController.m */,
				5296F2B61EFBAAFF00A08022 /* LCBShelfViewController.h */,
				5296F2B71EFBAAFF00A08022 /* LCBShelfViewController.m */,
			);
			path = viewControllers;
			sourceTree = "<group>";
		};
		5296F2B91EFBAD6700A08022 /* views */ = {
			isa = PBXGroup;
			children = (
				5296F2BA1EFBAD8A00A08022 /* LCBShelfTableViewCell.h */,
				5296F2BB1EFBAD8A00A08022 /* LCBShelfTableViewCell.m */,
			);
			path = views;
			sourceTree = "<group>";
		};
		9C03654C1C4CF9F900E04D7B /* General */ = {
			isa = PBXGroup;
			children = (
				9C0365501C4CF9F900E04D7B /* LCGeneralUI */,
				9C0365641C4CF9F900E04D7B /* LHHelpers */,
			);
			path = General;
			sourceTree = "<group>";
		};
		9C0365501C4CF9F900E04D7B /* LCGeneralUI */ = {
			isa = PBXGroup;
			children = (
				9C0365511C4CF9F900E04D7B /* data */,
				9C0365581C4CF9F900E04D7B /* view */,
				9C0365611C4CF9F900E04D7B /* viewController */,
			);
			path = LCGeneralUI;
			sourceTree = "<group>";
		};
		9C0365511C4CF9F900E04D7B /* data */ = {
			isa = PBXGroup;
			children = (
				9C0365521C4CF9F900E04D7B /* LCAccumulate.h */,
				9C0365531C4CF9F900E04D7B /* LCAccumulate.m */,
				9C0365541C4CF9F900E04D7B /* LCAccumulateManager.h */,
				9C0365551C4CF9F900E04D7B /* LCAccumulateManager.m */,
				9C0365561C4CF9F900E04D7B /* LCUtilities.h */,
				9C0365571C4CF9F900E04D7B /* LCUtilities.m */,
			);
			path = data;
			sourceTree = "<group>";
		};
		9C0365581C4CF9F900E04D7B /* view */ = {
			isa = PBXGroup;
			children = (
				9C0365591C4CF9F900E04D7B /* LCButton.h */,
				9C03655A1C4CF9F900E04D7B /* LCButton.m */,
				9C03655B1C4CF9F900E04D7B /* LCLightBorderButton.h */,
				9C03655C1C4CF9F900E04D7B /* LCLightBorderButton.m */,
				9C678A3F1EE6F49000746CEF /* LCTableViewCell.h */,
				9C678A401EE6F49000746CEF /* LCTableViewCell.m */,
				9C678A411EE6F49000746CEF /* LCTableViewCell.xib */,
				9C03655F1C4CF9F900E04D7B /* LHBorderLineView.h */,
				9C0365601C4CF9F900E04D7B /* LHBorderLineView.m */,
				9C9124331C4FA06E007AB00D /* LCSectionHeaderView.h */,
				9C9124341C4FA06E007AB00D /* LCSectionHeaderView.m */,
				9C9124361C4FA0B6007AB00D /* LCSectionHeaderView.xib */,
			);
			path = view;
			sourceTree = "<group>";
		};
		9C0365611C4CF9F900E04D7B /* viewController */ = {
			isa = PBXGroup;
			children = (
				9C0365621C4CF9F900E04D7B /* LCTableViewController.h */,
				9C0365631C4CF9F900E04D7B /* LCTableViewController.m */,
				9C7FDF6C1EB0E39C00609D65 /* LCViewController.h */,
				9C7FDF6D1EB0E39C00609D65 /* LCViewController.m */,
			);
			path = viewController;
			sourceTree = "<group>";
		};
		9C0365641C4CF9F900E04D7B /* LHHelpers */ = {
			isa = PBXGroup;
			children = (
				5224852F1EE8EBD0001A1429 /* UIView+LHAutoLayout.h */,
				522485301EE8EBD0001A1429 /* UIView+LHAutoLayout.m */,
				9C0365651C4CF9F900E04D7B /* UIColor+helper.h */,
				9C0365661C4CF9F900E04D7B /* UIColor+helper.m */,
				9C0365671C4CF9F900E04D7B /* UIImage+Color.h */,
				9C0365681C4CF9F900E04D7B /* UIImage+Color.m */,
			);
			path = LHHelpers;
			sourceTree = "<group>";
		};
		9C03657C1C4CFA3700E04D7B /* LCHome */ = {
			isa = PBXGroup;
			children = (
				9C03657D1C4CFA3700E04D7B /* LCHomeViewController.h */,
				9C03657E1C4CFA3700E04D7B /* LCHomeViewController.m */,
				9C03657F1C4CFA3700E04D7B /* view */,
			);
			path = LCHome;
			sourceTree = "<group>";
		};
		9C03657F1C4CFA3700E04D7B /* view */ = {
			isa = PBXGroup;
			children = (
				9C0365801C4CFA3700E04D7B /* LCAnimationLayer.h */,
				9C0365811C4CFA3700E04D7B /* LCAnimationLayer.m */,
				9C0365821C4CFA3700E04D7B /* LCAnimationView.h */,
				9C0365831C4CFA3700E04D7B /* LCAnimationView.m */,
				9C0365841C4CFA3700E04D7B /* LCFlyingView.h */,
				9C0365851C4CFA3700E04D7B /* LCFlyingView.m */,
			);
			path = view;
			sourceTree = "<group>";
		};
		9C1A04881EEB8B6E00161D69 /* LCDDispatch */ = {
			isa = PBXGroup;
			children = (
				9C1A04891EEB8B6E00161D69 /* LCDDispatch.plist */,
				9C1A048A1EEB8B6E00161D69 /* LCDispatch.storyboard */,
				9C1A048B1EEB8B6E00161D69 /* LCDispatchApplyViewController.h */,
				9C1A048C1EEB8B6E00161D69 /* LCDispatchApplyViewController.m */,
			);
			path = LCDDispatch;
			sourceTree = "<group>";
		};
		9C476D921EF51A4B004AC758 /* LCDBasicTech */ = {
			isa = PBXGroup;
			children = (
				9C476D931EF51A70004AC758 /* LCDBasicTech.plist */,
				9C476D9A1EF51E57004AC758 /* LCDBENUMExploreViewController.h */,
				9C476D9B1EF51E57004AC758 /* LCDBENUMExploreViewController.m */,
				9C476D9D1EF51E6C004AC758 /* LCDBBlockExploreViewController.h */,
				9C476D9E1EF51E6C004AC758 /* LCDBBlockExploreViewController.m */,
				9C476D971EF51BFA004AC758 /* LCDBasicTech.storyboard */,
			);
			path = LCDBasicTech;
			sourceTree = "<group>";
		};
		9C61C4671C3E3E43003877BC = {
			isa = PBXGroup;
			children = (
				9C61C4721C3E3E43003877BC /* LHiOSAccumulatesInObjectiveC */,
				9C61C48F1C3E3E43003877BC /* LHiOSAccumulatesInObjectiveCTests */,
				9C61C49A1C3E3E43003877BC /* LHiOSAccumulatesInObjectiveCUITests */,
				9C61C4711C3E3E43003877BC /* Products */,
			);
			sourceTree = "<group>";
		};
		9C61C4711C3E3E43003877BC /* Products */ = {
			isa = PBXGroup;
			children = (
				9C61C4701C3E3E43003877BC /* LHiOSAccumulatesInObjectiveC.app */,
				9C61C48C1C3E3E43003877BC /* LHiOSAccumulatesInObjectiveCTests.xctest */,
				9C61C4971C3E3E43003877BC /* LHiOSAccumulatesInObjectiveCUITests.xctest */,
			);
			name = Products;
			sourceTree = "<group>";
		};
		9C61C4721C3E3E43003877BC /* LHiOSAccumulatesInObjectiveC */ = {
			isa = PBXGroup;
			children = (
				522484F01EE7BB60001A1429 /* LCTabs */,
				9C03654C1C4CF9F900E04D7B /* General */,
				9C03657C1C4CFA3700E04D7B /* LCHome */,
				9C61C4731C3E3E43003877BC /* Supporting Files */,
			);
			path = LHiOSAccumulatesInObjectiveC;
			sourceTree = "<group>";
		};
		9C61C4731C3E3E43003877BC /* Supporting Files */ = {
			isa = PBXGroup;
			children = (
				9C0365921C4CFBFD00E04D7B /* Info.plist */,
				9C61C4841C3E3E43003877BC /* LaunchScreen.storyboard */,
				9C61C4821C3E3E43003877BC /* Assets.xcassets */,
				9C61C47F1C3E3E43003877BC /* Main.storyboard */,
				9C61C4741C3E3E43003877BC /* main.m */,
				9C03658F1C4CFBED00E04D7B /* AppDelegate.h */,
				9C0365901C4CFBED00E04D7B /* AppDelegate.m */,
			);
			name = "Supporting Files";
			sourceTree = "<group>";
		};
		9C61C48F1C3E3E43003877BC /* LHiOSAccumulatesInObjectiveCTests */ = {
			isa = PBXGroup;
			children = (
				9C61C4901C3E3E43003877BC /* LHiOSAccumulatesInObjectiveCTests.m */,
				9C61C4921C3E3E43003877BC /* Info.plist */,
			);
			path = LHiOSAccumulatesInObjectiveCTests;
			sourceTree = "<group>";
		};
		9C61C49A1C3E3E43003877BC /* LHiOSAccumulatesInObjectiveCUITests */ = {
			isa = PBXGroup;
			children = (
				9C61C49B1C3E3E43003877BC /* LHiOSAccumulatesInObjectiveCUITests.m */,
				9C61C49D1C3E3E43003877BC /* Info.plist */,
			);
			path = LHiOSAccumulatesInObjectiveCUITests;
			sourceTree = "<group>";
		};
/* End PBXGroup section */

/* Begin PBXNativeTarget section */
		9C61C46F1C3E3E43003877BC /* LHiOSAccumulatesInObjectiveC */ = {
			isa = PBXNativeTarget;
			buildConfigurationList = 9C61C4A01C3E3E43003877BC /* Build configuration list for PBXNativeTarget "LHiOSAccumulatesInObjectiveC" */;
			buildPhases = (
				9C61C46C1C3E3E43003877BC /* Sources */,
				9C61C46D1C3E3E43003877BC /* Frameworks */,
				9C61C46E1C3E3E43003877BC /* Resources */,
			);
			buildRules = (
			);
			dependencies = (
			);
			name = LHiOSAccumulatesInObjectiveC;
			productName = LHiOSAccumulatesInObjectiveC;
			productReference = 9C61C4701C3E3E43003877BC /* LHiOSAccumulatesInObjectiveC.app */;
			productType = "com.apple.product-type.application";
		};
		9C61C48B1C3E3E43003877BC /* LHiOSAccumulatesInObjectiveCTests */ = {
			isa = PBXNativeTarget;
			buildConfigurationList = 9C61C4A31C3E3E43003877BC /* Build configuration list for PBXNativeTarget "LHiOSAccumulatesInObjectiveCTests" */;
			buildPhases = (
				9C61C4881C3E3E43003877BC /* Sources */,
				9C61C4891C3E3E43003877BC /* Frameworks */,
				9C61C48A1C3E3E43003877BC /* Resources */,
			);
			buildRules = (
			);
			dependencies = (
				9C61C48E1C3E3E43003877BC /* PBXTargetDependency */,
			);
			name = LHiOSAccumulatesInObjectiveCTests;
			productName = LHiOSAccumulatesInObjectiveCTests;
			productReference = 9C61C48C1C3E3E43003877BC /* LHiOSAccumulatesInObjectiveCTests.xctest */;
			productType = "com.apple.product-type.bundle.unit-test";
		};
		9C61C4961C3E3E43003877BC /* LHiOSAccumulatesInObjectiveCUITests */ = {
			isa = PBXNativeTarget;
			buildConfigurationList = 9C61C4A61C3E3E43003877BC /* Build configuration list for PBXNativeTarget "LHiOSAccumulatesInObjectiveCUITests" */;
			buildPhases = (
				9C61C4931C3E3E43003877BC /* Sources */,
				9C61C4941C3E3E43003877BC /* Frameworks */,
				9C61C4951C3E3E43003877BC /* Resources */,
			);
			buildRules = (
			);
			dependencies = (
				9C61C4991C3E3E43003877BC /* PBXTargetDependency */,
			);
			name = LHiOSAccumulatesInObjectiveCUITests;
			productName = LHiOSAccumulatesInObjectiveCUITests;
			productReference = 9C61C4971C3E3E43003877BC /* LHiOSAccumulatesInObjectiveCUITests.xctest */;
			productType = "com.apple.product-type.bundle.ui-testing";
		};
/* End PBXNativeTarget section */

/* Begin PBXProject section */
		9C61C4681C3E3E43003877BC /* Project object */ = {
			isa = PBXProject;
			attributes = {
				LastUpgradeCheck = 0900;
				ORGANIZATIONNAME = Lihux;
				TargetAttributes = {
					9C61C46F1C3E3E43003877BC = {
						CreatedOnToolsVersion = 7.0.1;
						DevelopmentTeam = 6Z988AT8PK;
						ProvisioningStyle = Automatic;
					};
					9C61C48B1C3E3E43003877BC = {
						CreatedOnToolsVersion = 7.0.1;
						TestTargetID = 9C61C46F1C3E3E43003877BC;
					};
					9C61C4961C3E3E43003877BC = {
						CreatedOnToolsVersion = 7.0.1;
						TestTargetID = 9C61C46F1C3E3E43003877BC;
					};
				};
			};
			buildConfigurationList = 9C61C46B1C3E3E43003877BC /* Build configuration list for PBXProject "LHiOSAccumulatesInObjectiveC" */;
			compatibilityVersion = "Xcode 3.2";
			developmentRegion = English;
			hasScannedForEncodings = 0;
			knownRegions = (
				en,
				Base,
			);
			mainGroup = 9C61C4671C3E3E43003877BC;
			productRefGroup = 9C61C4711C3E3E43003877BC /* Products */;
			projectDirPath = "";
			projectRoot = "";
			targets = (
				9C61C46F1C3E3E43003877BC /* LHiOSAccumulatesInObjectiveC */,
				9C61C48B1C3E3E43003877BC /* LHiOSAccumulatesInObjectiveCTests */,
				9C61C4961C3E3E43003877BC /* LHiOSAccumulatesInObjectiveCUITests */,
			);
		};
/* End PBXProject section */

/* Begin PBXResourcesBuildPhase section */
		9C61C46E1C3E3E43003877BC /* Resources */ = {
			isa = PBXResourcesBuildPhase;
			buildActionMask = 2147483647;
			files = (
				522485141EE7BB60001A1429 /* LCDemo.storyboard in Resources */,
				9C476D911EF430C6004AC758 /* LCDDispatch.plist in Resources */,
				522485231EE7BB60001A1429 /* LCSetting.plist in Resources */,
				52E4C89A1EFA434E00CB8F4D /* LCBookShelf.plist in Resources */,
				9C476D991EF51D8F004AC758 /* LCDBasicTech.plist in Resources */,
				522485201EE7BB60001A1429 /* LCDocument.plist in Resources */,
				9C9124371C4FA0B6007AB00D /* LCSectionHeaderView.xib in Resources */,
				9C678A431EE6F49000746CEF /* LCTableViewCell.xib in Resources */,
				9C61C4861C3E3E43003877BC /* LaunchScreen.storyboard in Resources */,
				9C61C4831C3E3E43003877BC /* Assets.xcassets in Resources */,
				5224851D1EE7BB60001A1429 /* LCDURLLoadingSystem.storyboard in Resources */,
				9C476D981EF51BFA004AC758 /* LCDBasicTech.storyboard in Resources */,
				9C61C4811C3E3E43003877BC /* Main.storyboard in Resources */,
				522485221EE7BB60001A1429 /* LCSetting.storyboard in Resources */,
				5224851F1EE7BB60001A1429 /* LCDocument.storyboard in Resources */,
				9C476D8F1EF42C1D004AC758 /* LCDispatch.storyboard in Resources */,
				52E4C8991EFA434A00CB8F4D /* LCBookShelf.storyboard in Resources */,
				5224851C1EE7BB60001A1429 /* LCDURLLoadingSystem.plist in Resources */,
				522485191EE7BB60001A1429 /* LCDemo.plist in Resources */,
			);
			runOnlyForDeploymentPostprocessing = 0;
		};
		9C61C48A1C3E3E43003877BC /* Resources */ = {
			isa = PBXResourcesBuildPhase;
			buildActionMask = 2147483647;
			files = (
			);
			runOnlyForDeploymentPostprocessing = 0;
		};
		9C61C4951C3E3E43003877BC /* Resources */ = {
			isa = PBXResourcesBuildPhase;
			buildActionMask = 2147483647;
			files = (
			);
			runOnlyForDeploymentPostprocessing = 0;
		};
/* End PBXResourcesBuildPhase section */

/* Begin PBXSourcesBuildPhase section */
		9C61C46C1C3E3E43003877BC /* Sources */ = {
			isa = PBXSourcesBuildPhase;
			buildActionMask = 2147483647;
			files = (
				9C0365731C4CF9F900E04D7B /* UIColor+helper.m in Sources */,
				9C476D901EF42DC1004AC758 /* LCDispatchApplyViewController.m in Sources */,
				522485311EE8EBD0001A1429 /* UIView+LHAutoLayout.m in Sources */,
				5296F2B01EFB9EDA00A08022 /* LCBHowNBIamViewController.m in Sources */,
				9C0365911C4CFBED00E04D7B /* AppDelegate.m in Sources */,
				9C26C5001EEBE1F800CE608A /* LCDURLSessionViewController.m in Sources */,
				9C0365721C4CF9F900E04D7B /* LCTableViewController.m in Sources */,
				5296F2AF1EFB9ED100A08022 /* LCBCurrentReadingViewController.m in Sources */,
				9C03656B1C4CF9F900E04D7B /* LCAccumulate.m in Sources */,
				9C678A421EE6F49000746CEF /* LCTableViewCell.m in Sources */,
				9C0365741C4CF9F900E04D7B /* UIImage+Color.m in Sources */,
				5296F2BC1EFBAD8A00A08022 /* LCBShelfTableViewCell.m in Sources */,
				9C03656C1C4CF9F900E04D7B /* LCAccumulateManager.m in Sources */,
				9C03656D1C4CF9F900E04D7B /* LCUtilities.m in Sources */,
				9C7FDF6E1EB0E39C00609D65 /* LCViewController.m in Sources */,
				5296F2AE1EFB9EB600A08022 /* LCBookShelf.xcdatamodeld in Sources */,
				9C26C5031EEC0A0B00CE608A /* LCDURLHelper.m in Sources */,
				9C03658C1C4CFA3700E04D7B /* LCAnimationLayer.m in Sources */,
				5224851E1EE7BB60001A1429 /* LCDURLMetricsViewController.m in Sources */,
				9C03658D1C4CFA3700E04D7B /* LCAnimationView.m in Sources */,
				9C03656E1C4CF9F900E04D7B /* LCButton.m in Sources */,
				9C03658E1C4CFA3700E04D7B /* LCFlyingView.m in Sources */,
				5296F2B81EFBAAFF00A08022 /* LCBShelfViewController.m in Sources */,
				9C03656F1C4CF9F900E04D7B /* LCLightBorderButton.m in Sources */,
				9C03658B1C4CFA3700E04D7B /* LCHomeViewController.m in Sources */,
				52E4C89C1EFA435600CB8F4D /* LCBookShelf.xcmappingmodel in Sources */,
				52C3E6921EFA49CA00A17A3D /* LCBookCoreDataManager.m in Sources */,
				9C476D9C1EF51E57004AC758 /* LCDBENUMExploreViewController.m in Sources */,
				5296F2B11EFB9EE300A08022 /* LCBReadingPlanViewController.m in Sources */,
				9C0365711C4CF9F900E04D7B /* LHBorderLineView.m in Sources */,
				9C9124351C4FA06E007AB00D /* LCSectionHeaderView.m in Sources */,
				9C476D9F1EF51E6C004AC758 /* LCDBBlockExploreViewController.m in Sources */,
				9C61C4751C3E3E43003877BC /* main.m in Sources */,
			);
			runOnlyForDeploymentPostprocessing = 0;
		};
		9C61C4881C3E3E43003877BC /* Sources */ = {
			isa = PBXSourcesBuildPhase;
			buildActionMask = 2147483647;
			files = (
				9C61C4911C3E3E43003877BC /* LHiOSAccumulatesInObjectiveCTests.m in Sources */,
			);
			runOnlyForDeploymentPostprocessing = 0;
		};
		9C61C4931C3E3E43003877BC /* Sources */ = {
			isa = PBXSourcesBuildPhase;
			buildActionMask = 2147483647;
			files = (
				9C61C49C1C3E3E43003877BC /* LHiOSAccumulatesInObjectiveCUITests.m in Sources */,
			);
			runOnlyForDeploymentPostprocessing = 0;
		};
/* End PBXSourcesBuildPhase section */

/* Begin PBXTargetDependency section */
		9C61C48E1C3E3E43003877BC /* PBXTargetDependency */ = {
			isa = PBXTargetDependency;
			target = 9C61C46F1C3E3E43003877BC /* LHiOSAccumulatesInObjectiveC */;
			targetProxy = 9C61C48D1C3E3E43003877BC /* PBXContainerItemProxy */;
		};
		9C61C4991C3E3E43003877BC /* PBXTargetDependency */ = {
			isa = PBXTargetDependency;
			target = 9C61C46F1C3E3E43003877BC /* LHiOSAccumulatesInObjectiveC */;
			targetProxy = 9C61C4981C3E3E43003877BC /* PBXContainerItemProxy */;
		};
/* End PBXTargetDependency section */

/* Begin PBXVariantGroup section */
		9C61C47F1C3E3E43003877BC /* Main.storyboard */ = {
			isa = PBXVariantGroup;
			children = (
				9C61C4801C3E3E43003877BC /* Base */,
			);
			name = Main.storyboard;
			sourceTree = "<group>";
		};
		9C61C4841C3E3E43003877BC /* LaunchScreen.storyboard */ = {
			isa = PBXVariantGroup;
			children = (
				9C61C4851C3E3E43003877BC /* Base */,
			);
			name = LaunchScreen.storyboard;
			sourceTree = "<group>";
		};
/* End PBXVariantGroup section */

/* Begin XCBuildConfiguration section */
		9C61C49E1C3E3E43003877BC /* Debug */ = {
			isa = XCBuildConfiguration;
			buildSettings = {
				ALWAYS_SEARCH_USER_PATHS = NO;
				CLANG_CXX_LANGUAGE_STANDARD = "gnu++0x";
				CLANG_CXX_LIBRARY = "libc++";
				CLANG_ENABLE_MODULES = YES;
				CLANG_ENABLE_OBJC_ARC = YES;
				CLANG_WARN_BLOCK_CAPTURE_AUTORELEASING = YES;
				CLANG_WARN_BOOL_CONVERSION = YES;
				CLANG_WARN_COMMA = YES;
				CLANG_WARN_CONSTANT_CONVERSION = YES;
				CLANG_WARN_DIRECT_OBJC_ISA_USAGE = YES_ERROR;
				CLANG_WARN_EMPTY_BODY = YES;
				CLANG_WARN_ENUM_CONVERSION = YES;
				CLANG_WARN_INFINITE_RECURSION = YES;
				CLANG_WARN_INT_CONVERSION = YES;
				CLANG_WARN_NON_LITERAL_NULL_CONVERSION = YES;
				CLANG_WARN_OBJC_LITERAL_CONVERSION = YES;
				CLANG_WARN_OBJC_ROOT_CLASS = YES_ERROR;
				CLANG_WARN_RANGE_LOOP_ANALYSIS = YES;
				CLANG_WARN_STRICT_PROTOTYPES = YES;
				CLANG_WARN_SUSPICIOUS_MOVE = YES;
				CLANG_WARN_UNREACHABLE_CODE = YES;
				CLANG_WARN__DUPLICATE_METHOD_MATCH = YES;
				"CODE_SIGN_IDENTITY[sdk=iphoneos*]" = "iPhone Developer";
				COPY_PHASE_STRIP = NO;
				DEBUG_INFORMATION_FORMAT = dwarf;
				ENABLE_STRICT_OBJC_MSGSEND = YES;
				ENABLE_TESTABILITY = YES;
				GCC_C_LANGUAGE_STANDARD = gnu99;
				GCC_DYNAMIC_NO_PIC = NO;
				GCC_NO_COMMON_BLOCKS = YES;
				GCC_OPTIMIZATION_LEVEL = 0;
				GCC_PREPROCESSOR_DEFINITIONS = (
					"DEBUG=1",
					"$(inherited)",
				);
				GCC_WARN_64_TO_32_BIT_CONVERSION = YES;
				GCC_WARN_ABOUT_RETURN_TYPE = YES_ERROR;
				GCC_WARN_UNDECLARED_SELECTOR = YES;
				GCC_WARN_UNINITIALIZED_AUTOS = YES_AGGRESSIVE;
				GCC_WARN_UNUSED_FUNCTION = YES;
				GCC_WARN_UNUSED_VARIABLE = YES;
				IPHONEOS_DEPLOYMENT_TARGET = 9.0;
				MTL_ENABLE_DEBUG_INFO = YES;
				ONLY_ACTIVE_ARCH = YES;
				SDKROOT = iphoneos;
			};
			name = Debug;
		};
		9C61C49F1C3E3E43003877BC /* Release */ = {
			isa = XCBuildConfiguration;
			buildSettings = {
				ALWAYS_SEARCH_USER_PATHS = NO;
				CLANG_CXX_LANGUAGE_STANDARD = "gnu++0x";
				CLANG_CXX_LIBRARY = "libc++";
				CLANG_ENABLE_MODULES = YES;
				CLANG_ENABLE_OBJC_ARC = YES;
				CLANG_WARN_BLOCK_CAPTURE_AUTORELEASING = YES;
				CLANG_WARN_BOOL_CONVERSION = YES;
				CLANG_WARN_COMMA = YES;
				CLANG_WARN_CONSTANT_CONVERSION = YES;
				CLANG_WARN_DIRECT_OBJC_ISA_USAGE = YES_ERROR;
				CLANG_WARN_EMPTY_BODY = YES;
				CLANG_WARN_ENUM_CONVERSION = YES;
				CLANG_WARN_INFINITE_RECURSION = YES;
				CLANG_WARN_INT_CONVERSION = YES;
				CLANG_WARN_NON_LITERAL_NULL_CONVERSION = YES;
				CLANG_WARN_OBJC_LITERAL_CONVERSION = YES;
				CLANG_WARN_OBJC_ROOT_CLASS = YES_ERROR;
				CLANG_WARN_RANGE_LOOP_ANALYSIS = YES;
				CLANG_WARN_STRICT_PROTOTYPES = YES;
				CLANG_WARN_SUSPICIOUS_MOVE = YES;
				CLANG_WARN_UNREACHABLE_CODE = YES;
				CLANG_WARN__DUPLICATE_METHOD_MATCH = YES;
				"CODE_SIGN_IDENTITY[sdk=iphoneos*]" = "iPhone Developer";
				COPY_PHASE_STRIP = NO;
				DEBUG_INFORMATION_FORMAT = "dwarf-with-dsym";
				ENABLE_NS_ASSERTIONS = NO;
				ENABLE_STRICT_OBJC_MSGSEND = YES;
				GCC_C_LANGUAGE_STANDARD = gnu99;
				GCC_NO_COMMON_BLOCKS = YES;
				GCC_WARN_64_TO_32_BIT_CONVERSION = YES;
				GCC_WARN_ABOUT_RETURN_TYPE = YES_ERROR;
				GCC_WARN_UNDECLARED_SELECTOR = YES;
				GCC_WARN_UNINITIALIZED_AUTOS = YES_AGGRESSIVE;
				GCC_WARN_UNUSED_FUNCTION = YES;
				GCC_WARN_UNUSED_VARIABLE = YES;
				IPHONEOS_DEPLOYMENT_TARGET = 9.0;
				MTL_ENABLE_DEBUG_INFO = NO;
				SDKROOT = iphoneos;
				VALIDATE_PRODUCT = YES;
			};
			name = Release;
		};
		9C61C4A11C3E3E43003877BC /* Debug */ = {
			isa = XCBuildConfiguration;
			buildSettings = {
				ASSETCATALOG_COMPILER_APPICON_NAME = AppIcon;
				CODE_SIGN_IDENTITY = "iPhone Developer";
				"CODE_SIGN_IDENTITY[sdk=iphoneos*]" = "iPhone Developer";
				CODE_SIGN_STYLE = Automatic;
				DEVELOPMENT_TEAM = 6Z988AT8PK;
				INFOPLIST_FILE = LHiOSAccumulatesInObjectiveC/Info.plist;
				IPHONEOS_DEPLOYMENT_TARGET = 9.0;
				LD_RUNPATH_SEARCH_PATHS = "$(inherited) @executable_path/Frameworks";
				PRODUCT_BUNDLE_IDENTIFIER = LHiOS.LHiOSAccumulatesInObjectiveC;
				PRODUCT_NAME = "$(TARGET_NAME)";
				PROVISIONING_PROFILE_SPECIFIER = "";
				TARGETED_DEVICE_FAMILY = "1,2";
			};
			name = Debug;
		};
		9C61C4A21C3E3E43003877BC /* Release */ = {
			isa = XCBuildConfiguration;
			buildSettings = {
				ASSETCATALOG_COMPILER_APPICON_NAME = AppIcon;
				CODE_SIGN_IDENTITY = "iPhone Developer";
				"CODE_SIGN_IDENTITY[sdk=iphoneos*]" = "iPhone Developer";
				CODE_SIGN_STYLE = Automatic;
				DEVELOPMENT_TEAM = 6Z988AT8PK;
				INFOPLIST_FILE = LHiOSAccumulatesInObjectiveC/Info.plist;
				IPHONEOS_DEPLOYMENT_TARGET = 9.0;
				LD_RUNPATH_SEARCH_PATHS = "$(inherited) @executable_path/Frameworks";
				PRODUCT_BUNDLE_IDENTIFIER = LHiOS.LHiOSAccumulatesInObjectiveC;
				PRODUCT_NAME = "$(TARGET_NAME)";
				PROVISIONING_PROFILE_SPECIFIER = "";
				TARGETED_DEVICE_FAMILY = "1,2";
			};
			name = Release;
		};
		9C61C4A41C3E3E43003877BC /* Debug */ = {
			isa = XCBuildConfiguration;
			buildSettings = {
				BUNDLE_LOADER = "$(TEST_HOST)";
				INFOPLIST_FILE = LHiOSAccumulatesInObjectiveCTests/Info.plist;
				LD_RUNPATH_SEARCH_PATHS = "$(inherited) @executable_path/Frameworks @loader_path/Frameworks";
				PRODUCT_BUNDLE_IDENTIFIER = LHiOS.LHiOSAccumulatesInObjectiveCTests;
				PRODUCT_NAME = "$(TARGET_NAME)";
				TEST_HOST = "$(BUILT_PRODUCTS_DIR)/LHiOSAccumulatesInObjectiveC.app/LHiOSAccumulatesInObjectiveC";
			};
			name = Debug;
		};
		9C61C4A51C3E3E43003877BC /* Release */ = {
			isa = XCBuildConfiguration;
			buildSettings = {
				BUNDLE_LOADER = "$(TEST_HOST)";
				INFOPLIST_FILE = LHiOSAccumulatesInObjectiveCTests/Info.plist;
				LD_RUNPATH_SEARCH_PATHS = "$(inherited) @executable_path/Frameworks @loader_path/Frameworks";
				PRODUCT_BUNDLE_IDENTIFIER = LHiOS.LHiOSAccumulatesInObjectiveCTests;
				PRODUCT_NAME = "$(TARGET_NAME)";
				TEST_HOST = "$(BUILT_PRODUCTS_DIR)/LHiOSAccumulatesInObjectiveC.app/LHiOSAccumulatesInObjectiveC";
			};
			name = Release;
		};
		9C61C4A71C3E3E43003877BC /* Debug */ = {
			isa = XCBuildConfiguration;
			buildSettings = {
				INFOPLIST_FILE = LHiOSAccumulatesInObjectiveCUITests/Info.plist;
				LD_RUNPATH_SEARCH_PATHS = "$(inherited) @executable_path/Frameworks @loader_path/Frameworks";
				PRODUCT_BUNDLE_IDENTIFIER = LHiOS.LHiOSAccumulatesInObjectiveCUITests;
				PRODUCT_NAME = "$(TARGET_NAME)";
				TEST_TARGET_NAME = LHiOSAccumulatesInObjectiveC;
				USES_XCTRUNNER = YES;
			};
			name = Debug;
		};
		9C61C4A81C3E3E43003877BC /* Release */ = {
			isa = XCBuildConfiguration;
			buildSettings = {
				INFOPLIST_FILE = LHiOSAccumulatesInObjectiveCUITests/Info.plist;
				LD_RUNPATH_SEARCH_PATHS = "$(inherited) @executable_path/Frameworks @loader_path/Frameworks";
				PRODUCT_BUNDLE_IDENTIFIER = LHiOS.LHiOSAccumulatesInObjectiveCUITests;
				PRODUCT_NAME = "$(TARGET_NAME)";
				TEST_TARGET_NAME = LHiOSAccumulatesInObjectiveC;
				USES_XCTRUNNER = YES;
			};
			name = Release;
		};
/* End XCBuildConfiguration section */

/* Begin XCConfigurationList section */
		9C61C46B1C3E3E43003877BC /* Build configuration list for PBXProject "LHiOSAccumulatesInObjectiveC" */ = {
			isa = XCConfigurationList;
			buildConfigurations = (
				9C61C49E1C3E3E43003877BC /* Debug */,
				9C61C49F1C3E3E43003877BC /* Release */,
			);
			defaultConfigurationIsVisible = 0;
			defaultConfigurationName = Release;
		};
		9C61C4A01C3E3E43003877BC /* Build configuration list for PBXNativeTarget "LHiOSAccumulatesInObjectiveC" */ = {
			isa = XCConfigurationList;
			buildConfigurations = (
				9C61C4A11C3E3E43003877BC /* Debug */,
				9C61C4A21C3E3E43003877BC /* Release */,
			);
			defaultConfigurationIsVisible = 0;
			defaultConfigurationName = Release;
		};
		9C61C4A31C3E3E43003877BC /* Build configuration list for PBXNativeTarget "LHiOSAccumulatesInObjectiveCTests" */ = {
			isa = XCConfigurationList;
			buildConfigurations = (
				9C61C4A41C3E3E43003877BC /* Debug */,
				9C61C4A51C3E3E43003877BC /* Release */,
			);
			defaultConfigurationIsVisible = 0;
			defaultConfigurationName = Release;
		};
		9C61C4A61C3E3E43003877BC /* Build configuration list for PBXNativeTarget "LHiOSAccumulatesInObjectiveCUITests" */ = {
			isa = XCConfigurationList;
			buildConfigurations = (
				9C61C4A71C3E3E43003877BC /* Debug */,
				9C61C4A81C3E3E43003877BC /* Release */,
			);
			defaultConfigurationIsVisible = 0;
			defaultConfigurationName = Release;
		};
/* End XCConfigurationList section */

/* Begin XCVersionGroup section */
		5237BE6F1EFB84C800180A04 /* LCBookShelf.xcdatamodeld */ = {
			isa = XCVersionGroup;
			children = (
				5237BE701EFB84C800180A04 /* LCBookShelf.xcdatamodel */,
			);
			currentVersion = 5237BE701EFB84C800180A04 /* LCBookShelf.xcdatamodel */;
			path = LCBookShelf.xcdatamodeld;
			sourceTree = "<group>";
			versionGroupType = wrapper.xcdatamodel;
		};
/* End XCVersionGroup section */
	};
	rootObject = 9C61C4681C3E3E43003877BC /* Project object */;
}
